PODS:
  - Expecta (1.0.3)
  - Nocilla (0.10.0)
  - OCHamcrest (4.3.0)
  - OCMock (2.2.4)
  - Specta (1.0.4)

DEPENDENCIES:
  - Expecta
  - Nocilla
  - OCHamcrest
  - OCMock (~> 2.2)
  - Specta

SPEC CHECKSUMS:
  Expecta: 9d1bff6c8b0eeee73a166a2ee898892478927a15
  Nocilla: ae0a2b05f3087b473624ac2b25903695df51246a
  OCHamcrest: cd63d27f48a266d4412c0b295b01b8f0940efa81
  OCMock: a6a7dc0e3997fb9f35d99f72528698ebf60d64f2
  Specta: 69bb134672aae190a1379ff91df07dad8dd1f869

COCOAPODS: 0.39.0
