PODS:
  - CMDQueryStringSerialization (0.3.2):
    - ISO8601
  - Expecta (0.3.0)
  - ISO8601 (0.3.0)
  - Nocilla (0.9.0)
  - OCHamcrest (3.0.1)
  - OCMock (2.2.4)
  - Specta (0.2.1)

DEPENDENCIES:
  - CMDQueryStringSerialization
  - Expecta
  - Nocilla
  - OCHamcrest
  - OCMock
  - Specta

SPEC CHECKSUMS:
  CMDQueryStringSerialization: 03c5d9847a4eaa2b3e4e439ce1ae24f914cc7fe1
  Expecta: 917bda2935b63ca7175741b8cf1b26796db6205f
  ISO8601: 8d8a22d5edf0554a1cf75bac028c76c1dc0ffaef
  Nocilla: d7d96e8a11e363f0d7c976d48b320c43d61fb471
  OCHamcrest: e19857683e4eefab64b878668eac04c2f4567118
  OCMock: a6a7dc0e3997fb9f35d99f72528698ebf60d64f2
  Specta: 15a276a6343867b426d5ed135d5aa4d04123a573

COCOAPODS: 0.37.2
