<?xml version="1.0" encoding="UTF-8"?>
<!DOCTYPE plist PUBLIC "-//Apple//DTD PLIST 1.0//EN" "http://www.apple.com/DTDs/PropertyList-1.0.dtd">
<plist version="1.0">
<dict>
	<key>archiveVersion</key>
	<string>1</string>
	<key>classes</key>
	<dict/>
	<key>objectVersion</key>
	<string>46</string>
	<key>objects</key>
	<dict>
		<key>1DC461A27E94407698BE1D38</key>
		<dict>
			<key>explicitFileType</key>
			<string>archive.ar</string>
			<key>includeInIndex</key>
			<string>0</string>
			<key>isa</key>
			<string>PBXFileReference</string>
			<key>path</key>
			<string>libPods-VENCore.a</string>
			<key>sourceTree</key>
			<string>BUILT_PRODUCTS_DIR</string>
		</dict>
		<key>25B6CD691E644507A1045E0D</key>
		<dict>
			<key>explicitFileType</key>
			<string>archive.ar</string>
			<key>includeInIndex</key>
			<string>0</string>
			<key>isa</key>
			<string>PBXFileReference</string>
			<key>path</key>
			<string>libPods-VENCoreIntegrationTests.a</string>
			<key>sourceTree</key>
			<string>BUILT_PRODUCTS_DIR</string>
		</dict>
		<key>2D4B23F080634FA9923FF691</key>
		<dict>
			<key>includeInIndex</key>
			<string>1</string>
			<key>isa</key>
			<string>PBXFileReference</string>
			<key>lastKnownFileType</key>
			<string>text.xcconfig</string>
			<key>name</key>
			<string>Pods-VENCoreTests.xcconfig</string>
			<key>path</key>
			<string>Pods/Pods-VENCoreTests.xcconfig</string>
			<key>sourceTree</key>
			<string>&lt;group&gt;</string>
		</dict>
		<key>3DED53F413AA485586839756</key>
		<dict>
			<key>fileRef</key>
			<string>1DC461A27E94407698BE1D38</string>
			<key>isa</key>
			<string>PBXBuildFile</string>
		</dict>
		<key>47136D3A18FF001F00AD63CD</key>
		<dict>
			<key>fileEncoding</key>
			<string>4</string>
			<key>isa</key>
			<string>PBXFileReference</string>
			<key>lastKnownFileType</key>
			<string>sourcecode.c.h</string>
			<key>path</key>
			<string>VENTransactionPayloadKeys.h</string>
			<key>sourceTree</key>
			<string>&lt;group&gt;</string>
		</dict>
		<key>4779F161125042D590B452A8</key>
		<dict>
			<key>explicitFileType</key>
			<string>archive.ar</string>
			<key>includeInIndex</key>
			<string>0</string>
			<key>isa</key>
			<string>PBXFileReference</string>
			<key>path</key>
			<string>libPods-VENCoreUnitTests.a</string>
			<key>sourceTree</key>
			<string>BUILT_PRODUCTS_DIR</string>
		</dict>
		<key>4796A38618FDD4C6005CABA6</key>
		<dict>
			<key>fileEncoding</key>
			<string>4</string>
			<key>isa</key>
			<string>PBXFileReference</string>
			<key>lastKnownFileType</key>
			<string>text.json</string>
			<key>path</key>
			<string>fetchInvalidUser.json</string>
			<key>sourceTree</key>
			<string>&lt;group&gt;</string>
		</dict>
		<key>4796A38718FDD4C6005CABA6</key>
		<dict>
			<key>fileRef</key>
			<string>4796A38618FDD4C6005CABA6</string>
			<key>isa</key>
			<string>PBXBuildFile</string>
		</dict>
		<key>4796D61118FC4B3E001461B1</key>
		<dict>
			<key>children</key>
			<array>
				<string>4796D61A18FC4B6D001461B1</string>
				<string>4796D61D18FC4B6D001461B1</string>
			</array>
			<key>isa</key>
			<string>PBXGroup</string>
			<key>path</key>
			<string>Models</string>
			<key>sourceTree</key>
			<string>&lt;group&gt;</string>
		</dict>
		<key>4796D61A18FC4B6D001461B1</key>
		<dict>
			<key>children</key>
			<array>
				<string>4796D61C18FC4B6D001461B1</string>
				<string>EBB8E3B218FDA4BB00A22C6B</string>
			</array>
			<key>isa</key>
			<string>PBXGroup</string>
			<key>path</key>
			<string>Transactions</string>
			<key>sourceTree</key>
			<string>&lt;group&gt;</string>
		</dict>
		<key>4796D61C18FC4B6D001461B1</key>
		<dict>
			<key>fileEncoding</key>
			<string>4</string>
			<key>isa</key>
			<string>PBXFileReference</string>
			<key>lastKnownFileType</key>
			<string>sourcecode.c.objc</string>
			<key>path</key>
			<string>VENTransactionSpec.m</string>
			<key>sourceTree</key>
			<string>&lt;group&gt;</string>
		</dict>
		<key>4796D61D18FC4B6D001461B1</key>
		<dict>
			<key>children</key>
			<array>
				<string>4796D61F18FC4B6D001461B1</string>
			</array>
			<key>isa</key>
			<string>PBXGroup</string>
			<key>path</key>
			<string>Users</string>
			<key>sourceTree</key>
			<string>&lt;group&gt;</string>
		</dict>
		<key>4796D61F18FC4B6D001461B1</key>
		<dict>
			<key>fileEncoding</key>
			<string>4</string>
			<key>isa</key>
			<string>PBXFileReference</string>
			<key>lastKnownFileType</key>
			<string>sourcecode.c.objc</string>
			<key>path</key>
			<string>VENUserSpec.m</string>
			<key>sourceTree</key>
			<string>&lt;group&gt;</string>
		</dict>
		<key>4796D62118FC4B6D001461B1</key>
		<dict>
			<key>fileRef</key>
			<string>4796D61C18FC4B6D001461B1</string>
			<key>isa</key>
			<string>PBXBuildFile</string>
		</dict>
		<key>4796D62318FC4B6D001461B1</key>
		<dict>
			<key>fileRef</key>
			<string>4796D61F18FC4B6D001461B1</string>
			<key>isa</key>
			<string>PBXBuildFile</string>
		</dict>
		<key>47BD36DE18FDBA4500DE4554</key>
		<dict>
			<key>children</key>
			<array>
				<string>4796A38618FDD4C6005CABA6</string>
				<string>47BD36DF18FDBA4500DE4554</string>
			</array>
			<key>isa</key>
			<string>PBXGroup</string>
			<key>name</key>
			<string>users</string>
			<key>path</key>
			<string>API/users</string>
			<key>sourceTree</key>
			<string>&lt;group&gt;</string>
		</dict>
		<key>47BD36DF18FDBA4500DE4554</key>
		<dict>
			<key>fileEncoding</key>
			<string>4</string>
			<key>isa</key>
			<string>PBXFileReference</string>
			<key>lastKnownFileType</key>
			<string>text.json</string>
			<key>path</key>
			<string>fetchChrisUser.json</string>
			<key>sourceTree</key>
			<string>&lt;group&gt;</string>
		</dict>
		<key>47BD36E018FDBA4500DE4554</key>
		<dict>
			<key>fileRef</key>
			<string>47BD36DF18FDBA4500DE4554</string>
			<key>isa</key>
			<string>PBXBuildFile</string>
		</dict>
		<key>5817C2AA84924DC496210914</key>
		<dict>
			<key>buildActionMask</key>
			<string>2147483647</string>
			<key>files</key>
			<array/>
			<key>inputPaths</key>
			<array/>
			<key>isa</key>
			<string>PBXShellScriptBuildPhase</string>
			<key>name</key>
			<string>Copy Pods Resources</string>
			<key>outputPaths</key>
			<array/>
			<key>runOnlyForDeploymentPostprocessing</key>
			<string>0</string>
			<key>shellPath</key>
			<string>/bin/sh</string>
			<key>shellScript</key>
			<string>"${SRCROOT}/Pods/Pods-VENCoreUnitTests-resources.sh"
</string>
			<key>showEnvVarsInLog</key>
			<string>0</string>
		</dict>
		<key>7CF39AC81B5F4A809B92729B</key>
		<dict>
			<key>explicitFileType</key>
			<string>archive.ar</string>
			<key>includeInIndex</key>
			<string>0</string>
			<key>isa</key>
			<string>PBXFileReference</string>
			<key>path</key>
			<string>libPods-VENCoreTests.a</string>
			<key>sourceTree</key>
			<string>BUILT_PRODUCTS_DIR</string>
		</dict>
		<key>A1AE1BF8A82F4124AD872FD8</key>
		<dict>
			<key>includeInIndex</key>
			<string>1</string>
			<key>isa</key>
			<string>PBXFileReference</string>
			<key>lastKnownFileType</key>
			<string>text.xcconfig</string>
			<key>name</key>
			<string>Pods-VENCore.xcconfig</string>
			<key>path</key>
			<string>Pods/Pods-VENCore.xcconfig</string>
			<key>sourceTree</key>
			<string>&lt;group&gt;</string>
		</dict>
		<key>A75C89F4BED9494FA5602BF2</key>
		<dict>
			<key>buildActionMask</key>
			<string>2147483647</string>
			<key>files</key>
			<array/>
			<key>inputPaths</key>
			<array/>
			<key>isa</key>
			<string>PBXShellScriptBuildPhase</string>
			<key>name</key>
			<string>Copy Pods Resources</string>
			<key>outputPaths</key>
			<array/>
			<key>runOnlyForDeploymentPostprocessing</key>
			<string>0</string>
			<key>shellPath</key>
			<string>/bin/sh</string>
			<key>shellScript</key>
			<string>"${SRCROOT}/Pods/Pods-VENCoreIntegrationTests-resources.sh"
</string>
			<key>showEnvVarsInLog</key>
			<string>0</string>
		</dict>
		<key>B5284720DE944039BF66DD7A</key>
		<dict>
			<key>includeInIndex</key>
			<string>1</string>
			<key>isa</key>
			<string>PBXFileReference</string>
			<key>lastKnownFileType</key>
			<string>text.xcconfig</string>
			<key>name</key>
			<string>Pods-VENCoreUnitTests.xcconfig</string>
			<key>path</key>
			<string>Pods/Pods-VENCoreUnitTests.xcconfig</string>
			<key>sourceTree</key>
			<string>&lt;group&gt;</string>
		</dict>
		<key>B967137252804E7C989C6BF5</key>
		<dict>
			<key>buildActionMask</key>
			<string>2147483647</string>
			<key>files</key>
			<array/>
			<key>inputPaths</key>
			<array/>
			<key>isa</key>
			<string>PBXShellScriptBuildPhase</string>
			<key>name</key>
			<string>Check Pods Manifest.lock</string>
			<key>outputPaths</key>
			<array/>
			<key>runOnlyForDeploymentPostprocessing</key>
			<string>0</string>
			<key>shellPath</key>
			<string>/bin/sh</string>
			<key>shellScript</key>
			<string>diff "${PODS_ROOT}/../Podfile.lock" "${PODS_ROOT}/Manifest.lock" &gt; /dev/null
if [[ $? != 0 ]] ; then
    cat &lt;&lt; EOM
error: The sandbox is not in sync with the Podfile.lock. Run 'pod install' or update your CocoaPods installation.
EOM
    exit 1
fi
</string>
			<key>showEnvVarsInLog</key>
			<string>0</string>
		</dict>
		<key>BB802D1BBF75489EBAC57A1E</key>
		<dict>
			<key>explicitFileType</key>
			<string>archive.ar</string>
			<key>includeInIndex</key>
			<string>0</string>
			<key>isa</key>
			<string>PBXFileReference</string>
			<key>path</key>
			<string>libPods.a</string>
			<key>sourceTree</key>
			<string>BUILT_PRODUCTS_DIR</string>
		</dict>
		<key>C24E594F18F84C67009670F7</key>
		<dict>
			<key>children</key>
			<array>
				<string>C24E595018F84C67009670F7</string>
				<string>C24E595518F84C67009670F7</string>
			</array>
			<key>isa</key>
			<string>PBXGroup</string>
			<key>path</key>
			<string>Models</string>
			<key>sourceTree</key>
			<string>&lt;group&gt;</string>
		</dict>
		<key>C24E595018F84C67009670F7</key>
		<dict>
			<key>children</key>
			<array>
				<string>C24E595318F84C67009670F7</string>
				<string>C24E595418F84C67009670F7</string>
				<string>EBB8E3AF18FD86AB00A22C6B</string>
				<string>EBB8E3B018FD86AB00A22C6B</string>
				<string>47136D3A18FF001F00AD63CD</string>
			</array>
			<key>isa</key>
			<string>PBXGroup</string>
			<key>path</key>
			<string>Transactions</string>
			<key>sourceTree</key>
			<string>&lt;group&gt;</string>
		</dict>
		<key>C24E595318F84C67009670F7</key>
		<dict>
			<key>fileEncoding</key>
			<string>4</string>
			<key>isa</key>
			<string>PBXFileReference</string>
			<key>lastKnownFileType</key>
			<string>sourcecode.c.h</string>
			<key>path</key>
			<string>VENTransaction.h</string>
			<key>sourceTree</key>
			<string>&lt;group&gt;</string>
		</dict>
		<key>C24E595418F84C67009670F7</key>
		<dict>
			<key>fileEncoding</key>
			<string>4</string>
			<key>isa</key>
			<string>PBXFileReference</string>
			<key>lastKnownFileType</key>
			<string>sourcecode.c.objc</string>
			<key>path</key>
			<string>VENTransaction.m</string>
			<key>sourceTree</key>
			<string>&lt;group&gt;</string>
		</dict>
		<key>C24E595518F84C67009670F7</key>
		<dict>
			<key>children</key>
			<array>
				<string>C24E595618F84C67009670F7</string>
				<string>C24E595718F84C67009670F7</string>
				<string>C24E596018F885D7009670F7</string>
			</array>
			<key>isa</key>
			<string>PBXGroup</string>
			<key>path</key>
			<string>Users</string>
			<key>sourceTree</key>
			<string>&lt;group&gt;</string>
		</dict>
		<key>C24E595618F84C67009670F7</key>
		<dict>
			<key>fileEncoding</key>
			<string>4</string>
			<key>isa</key>
			<string>PBXFileReference</string>
			<key>lastKnownFileType</key>
			<string>sourcecode.c.h</string>
			<key>path</key>
			<string>VENUser.h</string>
			<key>sourceTree</key>
			<string>&lt;group&gt;</string>
		</dict>
		<key>C24E595718F84C67009670F7</key>
		<dict>
			<key>fileEncoding</key>
			<string>4</string>
			<key>isa</key>
			<string>PBXFileReference</string>
			<key>lastKnownFileType</key>
			<string>sourcecode.c.objc</string>
			<key>path</key>
			<string>VENUser.m</string>
			<key>sourceTree</key>
			<string>&lt;group&gt;</string>
		</dict>
		<key>C24E595918F84C67009670F7</key>
		<dict>
			<key>fileRef</key>
			<string>C24E595418F84C67009670F7</string>
			<key>isa</key>
			<string>PBXBuildFile</string>
		</dict>
		<key>C24E595A18F84C67009670F7</key>
		<dict>
			<key>fileRef</key>
			<string>C24E595718F84C67009670F7</string>
			<key>isa</key>
			<string>PBXBuildFile</string>
		</dict>
		<key>C24E595E18F87FF2009670F7</key>
		<dict>
			<key>fileEncoding</key>
			<string>4</string>
			<key>isa</key>
			<string>PBXFileReference</string>
			<key>lastKnownFileType</key>
			<string>sourcecode.c.objc</string>
			<key>path</key>
			<string>VENMutableUserSpec.m</string>
			<key>sourceTree</key>
			<string>&lt;group&gt;</string>
		</dict>
		<key>C24E596018F885D7009670F7</key>
		<dict>
			<key>isa</key>
			<string>PBXFileReference</string>
			<key>lastKnownFileType</key>
			<string>sourcecode.c.h</string>
			<key>path</key>
			<string>VENUserPayloadKeys.h</string>
			<key>sourceTree</key>
			<string>&lt;group&gt;</string>
		</dict>
		<key>C3A68FF6659A4FC19DA48CB5</key>
		<dict>
			<key>buildActionMask</key>
			<string>2147483647</string>
			<key>files</key>
			<array/>
			<key>inputPaths</key>
			<array/>
			<key>isa</key>
			<string>PBXShellScriptBuildPhase</string>
			<key>name</key>
			<string>Check Pods Manifest.lock</string>
			<key>outputPaths</key>
			<array/>
			<key>runOnlyForDeploymentPostprocessing</key>
			<string>0</string>
			<key>shellPath</key>
			<string>/bin/sh</string>
			<key>shellScript</key>
			<string>diff "${PODS_ROOT}/../Podfile.lock" "${PODS_ROOT}/Manifest.lock" &gt; /dev/null
if [[ $? != 0 ]] ; then
    cat &lt;&lt; EOM
error: The sandbox is not in sync with the Podfile.lock. Run 'pod install' or update your CocoaPods installation.
EOM
    exit 1
fi
</string>
			<key>showEnvVarsInLog</key>
			<string>0</string>
		</dict>
		<key>D9A8CE8A9C45431291938B0F</key>
		<dict>
			<key>buildActionMask</key>
			<string>2147483647</string>
			<key>files</key>
			<array/>
			<key>inputPaths</key>
			<array/>
			<key>isa</key>
			<string>PBXShellScriptBuildPhase</string>
			<key>name</key>
			<string>Copy Pods Resources</string>
			<key>outputPaths</key>
			<array/>
			<key>runOnlyForDeploymentPostprocessing</key>
			<string>0</string>
			<key>shellPath</key>
			<string>/bin/sh</string>
			<key>shellScript</key>
			<string>"${SRCROOT}/Pods/Pods-VENCore-resources.sh"
</string>
			<key>showEnvVarsInLog</key>
			<string>0</string>
		</dict>
		<key>DB8119F699444A64A89AF20C</key>
		<dict>
			<key>includeInIndex</key>
			<string>1</string>
			<key>isa</key>
			<string>PBXFileReference</string>
			<key>lastKnownFileType</key>
			<string>text.xcconfig</string>
			<key>name</key>
			<string>Pods-VENCoreIntegrationTests.xcconfig</string>
			<key>path</key>
			<string>Pods/Pods-VENCoreIntegrationTests.xcconfig</string>
			<key>sourceTree</key>
			<string>&lt;group&gt;</string>
		</dict>
		<key>DD62147186DC475FAC3C3A1D</key>
		<dict>
			<key>fileRef</key>
			<string>7CF39AC81B5F4A809B92729B</string>
			<key>isa</key>
			<string>PBXBuildFile</string>
		</dict>
		<key>E84803CCC64F49DB9C88AD75</key>
		<dict>
			<key>fileRef</key>
			<string>25B6CD691E644507A1045E0D</string>
			<key>isa</key>
			<string>PBXBuildFile</string>
		</dict>
		<key>EAEAD5D239AE426196E78022</key>
		<dict>
			<key>fileRef</key>
			<string>4779F161125042D590B452A8</string>
			<key>isa</key>
			<string>PBXBuildFile</string>
		</dict>
		<key>EB00DB301906E647001836A8</key>
		<dict>
			<key>buildActionMask</key>
			<string>2147483647</string>
			<key>files</key>
			<array>
				<string>EB00DB3F1906E647001836A8</string>
			</array>
			<key>isa</key>
			<string>PBXSourcesBuildPhase</string>
			<key>runOnlyForDeploymentPostprocessing</key>
			<string>0</string>
		</dict>
		<key>EB00DB311906E647001836A8</key>
		<dict>
			<key>buildActionMask</key>
			<string>2147483647</string>
			<key>files</key>
			<array>
				<string>EB00DB351906E647001836A8</string>
				<string>EB00DB371906E647001836A8</string>
				<string>EB00DB361906E647001836A8</string>
				<string>E84803CCC64F49DB9C88AD75</string>
			</array>
			<key>isa</key>
			<string>PBXFrameworksBuildPhase</string>
			<key>runOnlyForDeploymentPostprocessing</key>
			<string>0</string>
		</dict>
		<key>EB00DB321906E647001836A8</key>
		<dict>
			<key>buildActionMask</key>
			<string>2147483647</string>
			<key>files</key>
			<array>
				<string>EB00DB3D1906E647001836A8</string>
			</array>
			<key>isa</key>
			<string>PBXResourcesBuildPhase</string>
			<key>runOnlyForDeploymentPostprocessing</key>
			<string>0</string>
		</dict>
		<key>EB00DB331906E647001836A8</key>
		<dict>
			<key>buildConfigurationList</key>
			<string>EB00DB451906E647001836A8</string>
			<key>buildPhases</key>
			<array>
				<string>B967137252804E7C989C6BF5</string>
				<string>EB00DB301906E647001836A8</string>
				<string>EB00DB311906E647001836A8</string>
				<string>EB00DB321906E647001836A8</string>
				<string>A75C89F4BED9494FA5602BF2</string>
			</array>
			<key>buildRules</key>
			<array/>
			<key>dependencies</key>
			<array>
				<string>EB00DB421906E647001836A8</string>
			</array>
			<key>isa</key>
			<string>PBXNativeTarget</string>
			<key>name</key>
			<string>VENCoreIntegrationTests</string>
			<key>productName</key>
			<string>VENCoreIntegrationTests</string>
			<key>productReference</key>
			<string>EB00DB341906E647001836A8</string>
			<key>productType</key>
			<string>com.apple.product-type.bundle.unit-test</string>
		</dict>
		<key>EB00DB341906E647001836A8</key>
		<dict>
			<key>explicitFileType</key>
			<string>wrapper.cfbundle</string>
			<key>includeInIndex</key>
			<string>0</string>
			<key>isa</key>
			<string>PBXFileReference</string>
			<key>path</key>
			<string>VENCoreIntegrationTests.xctest</string>
			<key>sourceTree</key>
			<string>BUILT_PRODUCTS_DIR</string>
		</dict>
		<key>EB00DB351906E647001836A8</key>
		<dict>
			<key>fileRef</key>
			<string>EBCB248518E9FBAF00807472</string>
			<key>isa</key>
			<string>PBXBuildFile</string>
		</dict>
		<key>EB00DB361906E647001836A8</key>
		<dict>
			<key>fileRef</key>
			<string>EBCB247718E9FBAF00807472</string>
			<key>isa</key>
			<string>PBXBuildFile</string>
		</dict>
		<key>EB00DB371906E647001836A8</key>
		<dict>
			<key>fileRef</key>
			<string>EBCB248818E9FBAF00807472</string>
			<key>isa</key>
			<string>PBXBuildFile</string>
		</dict>
		<key>EB00DB381906E647001836A8</key>
		<dict>
			<key>children</key>
			<array>
				<string>EB00DB3E1906E647001836A8</string>
				<string>EB00DB391906E647001836A8</string>
			</array>
			<key>isa</key>
			<string>PBXGroup</string>
			<key>path</key>
			<string>VENCoreIntegrationTests</string>
			<key>sourceTree</key>
			<string>&lt;group&gt;</string>
		</dict>
		<key>EB00DB391906E647001836A8</key>
		<dict>
			<key>children</key>
			<array>
				<string>EB00DB3A1906E647001836A8</string>
				<string>EB00DB3B1906E647001836A8</string>
				<string>EB00DB401906E647001836A8</string>
			</array>
			<key>isa</key>
			<string>PBXGroup</string>
			<key>name</key>
			<string>Supporting Files</string>
			<key>sourceTree</key>
			<string>&lt;group&gt;</string>
		</dict>
		<key>EB00DB3A1906E647001836A8</key>
		<dict>
			<key>isa</key>
			<string>PBXFileReference</string>
			<key>lastKnownFileType</key>
			<string>text.plist.xml</string>
			<key>path</key>
			<string>VENCoreIntegrationTests-Info.plist</string>
			<key>sourceTree</key>
			<string>&lt;group&gt;</string>
		</dict>
		<key>EB00DB3B1906E647001836A8</key>
		<dict>
			<key>children</key>
			<array>
				<string>EB00DB3C1906E647001836A8</string>
			</array>
			<key>isa</key>
			<string>PBXVariantGroup</string>
			<key>name</key>
			<string>InfoPlist.strings</string>
			<key>sourceTree</key>
			<string>&lt;group&gt;</string>
		</dict>
		<key>EB00DB3C1906E647001836A8</key>
		<dict>
			<key>isa</key>
			<string>PBXFileReference</string>
			<key>lastKnownFileType</key>
			<string>text.plist.strings</string>
			<key>name</key>
			<string>en</string>
			<key>path</key>
			<string>en.lproj/InfoPlist.strings</string>
			<key>sourceTree</key>
			<string>&lt;group&gt;</string>
		</dict>
		<key>EB00DB3D1906E647001836A8</key>
		<dict>
			<key>fileRef</key>
			<string>EB00DB3B1906E647001836A8</string>
			<key>isa</key>
			<string>PBXBuildFile</string>
		</dict>
		<key>EB00DB3E1906E647001836A8</key>
		<dict>
			<key>isa</key>
			<string>PBXFileReference</string>
			<key>lastKnownFileType</key>
			<string>sourcecode.c.objc</string>
			<key>path</key>
			<string>PaymentSandboxSpec.m</string>
			<key>sourceTree</key>
			<string>&lt;group&gt;</string>
		</dict>
		<key>EB00DB3F1906E647001836A8</key>
		<dict>
			<key>fileRef</key>
			<string>EB00DB3E1906E647001836A8</string>
			<key>isa</key>
			<string>PBXBuildFile</string>
		</dict>
		<key>EB00DB401906E647001836A8</key>
		<dict>
			<key>isa</key>
			<string>PBXFileReference</string>
			<key>lastKnownFileType</key>
			<string>sourcecode.c.h</string>
			<key>path</key>
			<string>VENCoreIntegrationTests-Prefix.pch</string>
			<key>sourceTree</key>
			<string>&lt;group&gt;</string>
		</dict>
		<key>EB00DB411906E647001836A8</key>
		<dict>
			<key>containerPortal</key>
			<string>EBCB246C18E9FBAF00807472</string>
			<key>isa</key>
			<string>PBXContainerItemProxy</string>
			<key>proxyType</key>
			<string>1</string>
			<key>remoteGlobalIDString</key>
			<string>EBCB247318E9FBAF00807472</string>
			<key>remoteInfo</key>
			<string>VENCore</string>
		</dict>
		<key>EB00DB421906E647001836A8</key>
		<dict>
			<key>isa</key>
			<string>PBXTargetDependency</string>
			<key>target</key>
			<string>EBCB247318E9FBAF00807472</string>
			<key>targetProxy</key>
			<string>EB00DB411906E647001836A8</string>
		</dict>
		<key>EB00DB431906E647001836A8</key>
		<dict>
			<key>baseConfigurationReference</key>
			<string>DB8119F699444A64A89AF20C</string>
			<key>buildSettings</key>
			<dict>
				<key>FRAMEWORK_SEARCH_PATHS</key>
				<array>
					<string>$(SDKROOT)/Developer/Library/Frameworks</string>
					<string>$(inherited)</string>
					<string>$(DEVELOPER_FRAMEWORKS_DIR)</string>
				</array>
				<key>GCC_PRECOMPILE_PREFIX_HEADER</key>
				<string>YES</string>
				<key>GCC_PREFIX_HEADER</key>
				<string>VENCoreIntegrationTests/VENCoreIntegrationTests-Prefix.pch</string>
				<key>GCC_PREPROCESSOR_DEFINITIONS</key>
				<array>
					<string>DEBUG=1</string>
					<string>$(inherited)</string>
				</array>
				<key>INFOPLIST_FILE</key>
				<string>VENCoreIntegrationTests/VENCoreIntegrationTests-Info.plist</string>
				<key>PRODUCT_NAME</key>
				<string>$(TARGET_NAME)</string>
				<key>WRAPPER_EXTENSION</key>
				<string>xctest</string>
			</dict>
			<key>isa</key>
			<string>XCBuildConfiguration</string>
			<key>name</key>
			<string>Debug</string>
		</dict>
		<key>EB00DB441906E647001836A8</key>
		<dict>
			<key>baseConfigurationReference</key>
			<string>DB8119F699444A64A89AF20C</string>
			<key>buildSettings</key>
			<dict>
				<key>FRAMEWORK_SEARCH_PATHS</key>
				<array>
					<string>$(SDKROOT)/Developer/Library/Frameworks</string>
					<string>$(inherited)</string>
					<string>$(DEVELOPER_FRAMEWORKS_DIR)</string>
				</array>
				<key>GCC_PRECOMPILE_PREFIX_HEADER</key>
				<string>YES</string>
				<key>GCC_PREFIX_HEADER</key>
				<string>VENCoreIntegrationTests/VENCoreIntegrationTests-Prefix.pch</string>
				<key>INFOPLIST_FILE</key>
				<string>VENCoreIntegrationTests/VENCoreIntegrationTests-Info.plist</string>
				<key>PRODUCT_NAME</key>
				<string>$(TARGET_NAME)</string>
				<key>WRAPPER_EXTENSION</key>
				<string>xctest</string>
			</dict>
			<key>isa</key>
			<string>XCBuildConfiguration</string>
			<key>name</key>
			<string>Release</string>
		</dict>
		<key>EB00DB451906E647001836A8</key>
		<dict>
			<key>buildConfigurations</key>
			<array>
				<string>EB00DB431906E647001836A8</string>
				<string>EB00DB441906E647001836A8</string>
			</array>
			<key>defaultConfigurationIsVisible</key>
			<string>0</string>
			<key>isa</key>
			<string>XCConfigurationList</string>
		</dict>
		<key>EB10A52D18F7295B007F2119</key>
		<dict>
			<key>fileRef</key>
			<string>EBCB247418E9FBAF00807472</string>
			<key>isa</key>
			<string>PBXBuildFile</string>
		</dict>
		<key>EB418B9618EB0DA30003CBF5</key>
		<dict>
			<key>fileEncoding</key>
			<string>4</string>
			<key>isa</key>
			<string>PBXFileReference</string>
			<key>lastKnownFileType</key>
			<string>sourcecode.c.objc</string>
			<key>path</key>
			<string>VENTransactionSpec.m</string>
			<key>sourceTree</key>
			<string>&lt;group&gt;</string>
		</dict>
		<key>EB418B9818EB0DAC0003CBF5</key>
		<dict>
			<key>children</key>
			<array>
				<string>EB418B9918EB0DD20003CBF5</string>
				<string>EB418B9E18EB0E1B0003CBF5</string>
				<string>EBB8E3BD18FDB05400A22C6B</string>
				<string>EBBE7E1118EA089200E47338</string>
			</array>
			<key>isa</key>
			<string>PBXGroup</string>
			<key>name</key>
			<string>Categories</string>
			<key>sourceTree</key>
			<string>&lt;group&gt;</string>
		</dict>
		<key>EB418B9918EB0DD20003CBF5</key>
		<dict>
			<key>fileEncoding</key>
			<string>4</string>
			<key>isa</key>
			<string>PBXFileReference</string>
			<key>lastKnownFileType</key>
			<string>sourcecode.c.objc</string>
			<key>name</key>
			<string>NSError+VENCoreSpec.m</string>
			<key>path</key>
			<string>Categories/NSError+VENCoreSpec.m</string>
			<key>sourceTree</key>
			<string>&lt;group&gt;</string>
		</dict>
		<key>EB418B9A18EB0DD20003CBF5</key>
		<dict>
			<key>fileRef</key>
			<string>EB418B9918EB0DD20003CBF5</string>
			<key>isa</key>
			<string>PBXBuildFile</string>
		</dict>
		<key>EB418B9B18EB0E060003CBF5</key>
		<dict>
			<key>fileEncoding</key>
			<string>4</string>
			<key>isa</key>
			<string>PBXFileReference</string>
			<key>lastKnownFileType</key>
			<string>sourcecode.c.h</string>
			<key>name</key>
			<string>NSDictionary+VENCore.h</string>
			<key>path</key>
			<string>Categories/NSDictionary+VENCore.h</string>
			<key>sourceTree</key>
			<string>&lt;group&gt;</string>
		</dict>
		<key>EB418B9C18EB0E060003CBF5</key>
		<dict>
			<key>fileEncoding</key>
			<string>4</string>
			<key>isa</key>
			<string>PBXFileReference</string>
			<key>lastKnownFileType</key>
			<string>sourcecode.c.objc</string>
			<key>name</key>
			<string>NSDictionary+VENCore.m</string>
			<key>path</key>
			<string>Categories/NSDictionary+VENCore.m</string>
			<key>sourceTree</key>
			<string>&lt;group&gt;</string>
		</dict>
		<key>EB418B9D18EB0E060003CBF5</key>
		<dict>
			<key>fileRef</key>
			<string>EB418B9C18EB0E060003CBF5</string>
			<key>isa</key>
			<string>PBXBuildFile</string>
		</dict>
		<key>EB418B9E18EB0E1B0003CBF5</key>
		<dict>
			<key>fileEncoding</key>
			<string>4</string>
			<key>isa</key>
			<string>PBXFileReference</string>
			<key>lastKnownFileType</key>
			<string>sourcecode.c.objc</string>
			<key>name</key>
			<string>NSDictionary+VENCoreSpec.m</string>
			<key>path</key>
			<string>Categories/NSDictionary+VENCoreSpec.m</string>
			<key>sourceTree</key>
			<string>&lt;group&gt;</string>
		</dict>
		<key>EB418B9F18EB0E1B0003CBF5</key>
		<dict>
			<key>fileRef</key>
			<string>EB418B9E18EB0E1B0003CBF5</string>
			<key>isa</key>
			<string>PBXBuildFile</string>
		</dict>
		<key>EB427E5118F8447D0070EDD9</key>
		<dict>
			<key>children</key>
			<array>
				<string>EBA57C4F18FC361400D39D0F</string>
				<string>EBA57C4E18FC360600D39D0F</string>
				<string>47BD36DE18FDBA4500DE4554</string>
			</array>
			<key>isa</key>
			<string>PBXGroup</string>
			<key>name</key>
			<string>API</string>
			<key>sourceTree</key>
			<string>&lt;group&gt;</string>
		</dict>
		<key>EB427E5218F844910070EDD9</key>
		<dict>
			<key>fileEncoding</key>
			<string>4</string>
			<key>isa</key>
			<string>PBXFileReference</string>
			<key>lastKnownFileType</key>
			<string>text.json</string>
			<key>name</key>
			<string>paymentToEmail.json</string>
			<key>path</key>
			<string>api/payments/paymentToEmail.json</string>
			<key>sourceTree</key>
			<string>&lt;group&gt;</string>
		</dict>
		<key>EB427E5318F844910070EDD9</key>
		<dict>
			<key>fileRef</key>
			<string>EB427E5218F844910070EDD9</string>
			<key>isa</key>
			<string>PBXBuildFile</string>
		</dict>
		<key>EB427E5618F8451B0070EDD9</key>
		<dict>
			<key>fileEncoding</key>
			<string>4</string>
			<key>isa</key>
			<string>PBXFileReference</string>
			<key>lastKnownFileType</key>
			<string>sourcecode.c.h</string>
			<key>name</key>
			<string>VENTestUtilities.h</string>
			<key>path</key>
			<string>Utilities/VENTestUtilities.h</string>
			<key>sourceTree</key>
			<string>&lt;group&gt;</string>
		</dict>
		<key>EB427E5718F8451B0070EDD9</key>
		<dict>
			<key>fileEncoding</key>
			<string>4</string>
			<key>isa</key>
			<string>PBXFileReference</string>
			<key>lastKnownFileType</key>
			<string>sourcecode.c.objc</string>
			<key>name</key>
			<string>VENTestUtilities.m</string>
			<key>path</key>
			<string>Utilities/VENTestUtilities.m</string>
			<key>sourceTree</key>
			<string>&lt;group&gt;</string>
		</dict>
		<key>EB427E5918F8451B0070EDD9</key>
		<dict>
			<key>fileRef</key>
			<string>EB427E5718F8451B0070EDD9</string>
			<key>isa</key>
			<string>PBXBuildFile</string>
		</dict>
		<key>EB427E5B18F845250070EDD9</key>
		<dict>
			<key>children</key>
			<array>
				<string>EB427E5618F8451B0070EDD9</string>
				<string>EB427E5718F8451B0070EDD9</string>
			</array>
			<key>isa</key>
			<string>PBXGroup</string>
			<key>name</key>
			<string>Utilities</string>
			<key>sourceTree</key>
			<string>&lt;group&gt;</string>
		</dict>
		<key>EB58F97C18F75B25008A6914</key>
		<dict>
			<key>fileEncoding</key>
			<string>4</string>
			<key>isa</key>
			<string>PBXFileReference</string>
			<key>lastKnownFileType</key>
			<string>sourcecode.c.objc</string>
			<key>path</key>
			<string>VENMutableTransactionSpec.m</string>
			<key>sourceTree</key>
			<string>&lt;group&gt;</string>
		</dict>
		<key>EB74B2BC18E9FD4200838A9D</key>
		<dict>
			<key>children</key>
			<array>
				<string>EB74B2BD18E9FD7B00838A9D</string>
				<string>EB74B2BE18E9FD7B00838A9D</string>
				<string>EBBE7E0618EA017700E47338</string>
				<string>EBBE7E0718EA017700E47338</string>
			</array>
			<key>isa</key>
			<string>PBXGroup</string>
			<key>name</key>
			<string>Networking</string>
			<key>sourceTree</key>
			<string>&lt;group&gt;</string>
		</dict>
		<key>EB74B2BD18E9FD7B00838A9D</key>
		<dict>
			<key>fileEncoding</key>
			<string>4</string>
			<key>isa</key>
			<string>PBXFileReference</string>
			<key>lastKnownFileType</key>
			<string>sourcecode.c.h</string>
			<key>name</key>
			<string>VENHTTP.h</string>
			<key>path</key>
			<string>Networking/VENHTTP.h</string>
			<key>sourceTree</key>
			<string>&lt;group&gt;</string>
		</dict>
		<key>EB74B2BE18E9FD7B00838A9D</key>
		<dict>
			<key>fileEncoding</key>
			<string>4</string>
			<key>isa</key>
			<string>PBXFileReference</string>
			<key>lastKnownFileType</key>
			<string>sourcecode.c.objc</string>
			<key>name</key>
			<string>VENHTTP.m</string>
			<key>path</key>
			<string>Networking/VENHTTP.m</string>
			<key>sourceTree</key>
			<string>&lt;group&gt;</string>
		</dict>
		<key>EB74B2BF18E9FD7B00838A9D</key>
		<dict>
			<key>fileRef</key>
			<string>EB74B2BE18E9FD7B00838A9D</string>
			<key>isa</key>
			<string>PBXBuildFile</string>
		</dict>
		<key>EB9BF00718EA83B500416645</key>
		<dict>
			<key>fileEncoding</key>
			<string>4</string>
			<key>isa</key>
			<string>PBXFileReference</string>
			<key>lastKnownFileType</key>
			<string>sourcecode.c.objc</string>
			<key>path</key>
			<string>VENUserSpec.m</string>
			<key>sourceTree</key>
			<string>&lt;group&gt;</string>
		</dict>
		<key>EBA57C4E18FC360600D39D0F</key>
		<dict>
			<key>children</key>
			<array>
				<string>EB427E5218F844910070EDD9</string>
			</array>
			<key>isa</key>
			<string>PBXGroup</string>
			<key>name</key>
			<string>payments</string>
			<key>sourceTree</key>
			<string>&lt;group&gt;</string>
		</dict>
		<key>EBA57C4F18FC361400D39D0F</key>
		<dict>
			<key>children</key>
			<array>
				<string>EBA57C5018FC362000D39D0F</string>
				<string>EBA57C5118FC362000D39D0F</string>
				<string>EBA57C5218FC362000D39D0F</string>
			</array>
			<key>isa</key>
			<string>PBXGroup</string>
			<key>name</key>
			<string>errors</string>
			<key>sourceTree</key>
			<string>&lt;group&gt;</string>
		</dict>
		<key>EBA57C5018FC362000D39D0F</key>
		<dict>
			<key>fileEncoding</key>
			<string>4</string>
			<key>isa</key>
			<string>PBXFileReference</string>
			<key>lastKnownFileType</key>
			<string>text.json</string>
			<key>name</key>
			<string>invalidAccessTokenError.json</string>
			<key>path</key>
			<string>api/errors/invalidAccessTokenError.json</string>
			<key>sourceTree</key>
			<string>&lt;group&gt;</string>
		</dict>
		<key>EBA57C5118FC362000D39D0F</key>
		<dict>
			<key>fileEncoding</key>
			<string>4</string>
			<key>isa</key>
			<string>PBXFileReference</string>
			<key>lastKnownFileType</key>
			<string>text.json</string>
			<key>name</key>
			<string>invalidAmountError.json</string>
			<key>path</key>
			<string>api/errors/invalidAmountError.json</string>
			<key>sourceTree</key>
			<string>&lt;group&gt;</string>
		</dict>
		<key>EBA57C5218FC362000D39D0F</key>
		<dict>
			<key>fileEncoding</key>
			<string>4</string>
			<key>isa</key>
			<string>PBXFileReference</string>
			<key>lastKnownFileType</key>
			<string>text.json</string>
			<key>name</key>
			<string>invalidAudienceError.json</string>
			<key>path</key>
			<string>api/errors/invalidAudienceError.json</string>
			<key>sourceTree</key>
			<string>&lt;group&gt;</string>
		</dict>
		<key>EBA57C5318FC362000D39D0F</key>
		<dict>
			<key>fileRef</key>
			<string>EBA57C5018FC362000D39D0F</string>
			<key>isa</key>
			<string>PBXBuildFile</string>
		</dict>
		<key>EBA57C5418FC362000D39D0F</key>
		<dict>
			<key>fileRef</key>
			<string>EBA57C5118FC362000D39D0F</string>
			<key>isa</key>
			<string>PBXBuildFile</string>
		</dict>
		<key>EBA57C5518FC362000D39D0F</key>
		<dict>
			<key>fileRef</key>
			<string>EBA57C5218FC362000D39D0F</string>
			<key>isa</key>
			<string>PBXBuildFile</string>
		</dict>
		<key>EBB8E3AF18FD86AB00A22C6B</key>
		<dict>
			<key>fileEncoding</key>
			<string>4</string>
			<key>isa</key>
			<string>PBXFileReference</string>
			<key>lastKnownFileType</key>
			<string>sourcecode.c.h</string>
			<key>path</key>
			<string>VENTransactionTarget.h</string>
			<key>sourceTree</key>
			<string>&lt;group&gt;</string>
		</dict>
		<key>EBB8E3B018FD86AB00A22C6B</key>
		<dict>
			<key>fileEncoding</key>
			<string>4</string>
			<key>isa</key>
			<string>PBXFileReference</string>
			<key>lastKnownFileType</key>
			<string>sourcecode.c.objc</string>
			<key>path</key>
			<string>VENTransactionTarget.m</string>
			<key>sourceTree</key>
			<string>&lt;group&gt;</string>
		</dict>
		<key>EBB8E3B118FD86AB00A22C6B</key>
		<dict>
			<key>fileRef</key>
			<string>EBB8E3B018FD86AB00A22C6B</string>
			<key>isa</key>
			<string>PBXBuildFile</string>
		</dict>
		<key>EBB8E3B218FDA4BB00A22C6B</key>
		<dict>
			<key>fileEncoding</key>
			<string>4</string>
			<key>isa</key>
			<string>PBXFileReference</string>
			<key>lastKnownFileType</key>
			<string>sourcecode.c.objc</string>
			<key>path</key>
			<string>VENTransactionTargetSpec.m</string>
			<key>sourceTree</key>
			<string>&lt;group&gt;</string>
		</dict>
		<key>EBB8E3B318FDA4BB00A22C6B</key>
		<dict>
			<key>fileRef</key>
			<string>EBB8E3B218FDA4BB00A22C6B</string>
			<key>isa</key>
			<string>PBXBuildFile</string>
		</dict>
		<key>EBB8E3BD18FDB05400A22C6B</key>
		<dict>
			<key>fileEncoding</key>
			<string>4</string>
			<key>isa</key>
			<string>PBXFileReference</string>
			<key>lastKnownFileType</key>
			<string>sourcecode.c.objc</string>
			<key>name</key>
			<string>NSString+VENCoreSpec.m</string>
			<key>path</key>
			<string>Categories/NSString+VENCoreSpec.m</string>
			<key>sourceTree</key>
			<string>&lt;group&gt;</string>
		</dict>
		<key>EBB8E3BE18FDB05400A22C6B</key>
		<dict>
			<key>fileRef</key>
			<string>EBB8E3BD18FDB05400A22C6B</string>
			<key>isa</key>
			<string>PBXBuildFile</string>
		</dict>
		<key>EBB8E3BF18FDDB6300A22C6B</key>
		<dict>
			<key>fileEncoding</key>
			<string>4</string>
			<key>isa</key>
			<string>PBXFileReference</string>
			<key>lastKnownFileType</key>
			<string>sourcecode.c.h</string>
			<key>name</key>
			<string>NSString+VENCore.h</string>
			<key>path</key>
			<string>Categories/NSString+VENCore.h</string>
			<key>sourceTree</key>
			<string>&lt;group&gt;</string>
		</dict>
		<key>EBB8E3C018FDDB6300A22C6B</key>
		<dict>
			<key>fileEncoding</key>
			<string>4</string>
			<key>isa</key>
			<string>PBXFileReference</string>
			<key>lastKnownFileType</key>
			<string>sourcecode.c.objc</string>
			<key>name</key>
			<string>NSString+VENCore.m</string>
			<key>path</key>
			<string>Categories/NSString+VENCore.m</string>
			<key>sourceTree</key>
			<string>&lt;group&gt;</string>
		</dict>
		<key>EBB8E3C118FDDB6300A22C6B</key>
		<dict>
			<key>fileRef</key>
			<string>EBB8E3C018FDDB6300A22C6B</string>
			<key>isa</key>
			<string>PBXBuildFile</string>
		</dict>
		<key>EBBE7E0618EA017700E47338</key>
		<dict>
			<key>fileEncoding</key>
			<string>4</string>
			<key>isa</key>
			<string>PBXFileReference</string>
			<key>lastKnownFileType</key>
			<string>sourcecode.c.h</string>
			<key>name</key>
			<string>VENHTTPResponse.h</string>
			<key>path</key>
			<string>Networking/VENHTTPResponse.h</string>
			<key>sourceTree</key>
			<string>&lt;group&gt;</string>
		</dict>
		<key>EBBE7E0718EA017700E47338</key>
		<dict>
			<key>fileEncoding</key>
			<string>4</string>
			<key>isa</key>
			<string>PBXFileReference</string>
			<key>lastKnownFileType</key>
			<string>sourcecode.c.objc</string>
			<key>name</key>
			<string>VENHTTPResponse.m</string>
			<key>path</key>
			<string>Networking/VENHTTPResponse.m</string>
			<key>sourceTree</key>
			<string>&lt;group&gt;</string>
		</dict>
		<key>EBBE7E0818EA017700E47338</key>
		<dict>
			<key>fileRef</key>
			<string>EBBE7E0718EA017700E47338</string>
			<key>isa</key>
			<string>PBXBuildFile</string>
		</dict>
		<key>EBBE7E0918EA020500E47338</key>
		<dict>
			<key>fileEncoding</key>
			<string>4</string>
			<key>isa</key>
			<string>PBXFileReference</string>
			<key>lastKnownFileType</key>
			<string>sourcecode.c.objc</string>
			<key>name</key>
			<string>VENHTTPSpec.m</string>
			<key>path</key>
			<string>Networking/VENHTTPSpec.m</string>
			<key>sourceTree</key>
			<string>&lt;group&gt;</string>
		</dict>
		<key>EBBE7E0A18EA020500E47338</key>
		<dict>
			<key>fileRef</key>
			<string>EBBE7E0918EA020500E47338</string>
			<key>isa</key>
			<string>PBXBuildFile</string>
		</dict>
		<key>EBBE7E0B18EA020C00E47338</key>
		<dict>
			<key>children</key>
			<array>
				<string>EBBE7E0918EA020500E47338</string>
				<string>EBBE7E0C18EA022300E47338</string>
			</array>
			<key>isa</key>
			<string>PBXGroup</string>
			<key>name</key>
			<string>Networking</string>
			<key>sourceTree</key>
			<string>&lt;group&gt;</string>
		</dict>
		<key>EBBE7E0C18EA022300E47338</key>
		<dict>
			<key>fileEncoding</key>
			<string>4</string>
			<key>isa</key>
			<string>PBXFileReference</string>
			<key>lastKnownFileType</key>
			<string>sourcecode.c.objc</string>
			<key>name</key>
			<string>VENHTTPResponseSpec.m</string>
			<key>path</key>
			<string>Networking/VENHTTPResponseSpec.m</string>
			<key>sourceTree</key>
			<string>&lt;group&gt;</string>
		</dict>
		<key>EBBE7E0D18EA022300E47338</key>
		<dict>
			<key>fileRef</key>
			<string>EBBE7E0C18EA022300E47338</string>
			<key>isa</key>
			<string>PBXBuildFile</string>
		</dict>
		<key>EBBE7E1118EA089200E47338</key>
		<dict>
			<key>children</key>
			<array>
				<string>EB58F97C18F75B25008A6914</string>
				<string>EB9BF00718EA83B500416645</string>
				<string>C24E595E18F87FF2009670F7</string>
				<string>EB418B9618EB0DA30003CBF5</string>
				<string>EB58F97C18F75B25008A6914</string>
			</array>
			<key>isa</key>
			<string>PBXGroup</string>
			<key>path</key>
			<string>Models</string>
			<key>sourceTree</key>
			<string>&lt;group&gt;</string>
		</dict>
		<key>EBBE7E1818EA2D7600E47338</key>
		<dict>
			<key>fileEncoding</key>
			<string>4</string>
			<key>isa</key>
			<string>PBXFileReference</string>
			<key>lastKnownFileType</key>
			<string>sourcecode.c.h</string>
			<key>path</key>
			<string>VENCoreUnitTests-Prefix.pch</string>
			<key>sourceTree</key>
			<string>&lt;group&gt;</string>
		</dict>
		<key>EBCB246B18E9FBAF00807472</key>
		<dict>
			<key>children</key>
			<array>
				<string>EBCB247918E9FBAF00807472</string>
				<string>EBCB248D18E9FBAF00807472</string>
				<string>EB00DB381906E647001836A8</string>
				<string>EBCB247618E9FBAF00807472</string>
				<string>EBCB247518E9FBAF00807472</string>
				<string>2D4B23F080634FA9923FF691</string>
				<string>A1AE1BF8A82F4124AD872FD8</string>
				<string>DB8119F699444A64A89AF20C</string>
				<string>B5284720DE944039BF66DD7A</string>
			</array>
			<key>isa</key>
			<string>PBXGroup</string>
			<key>sourceTree</key>
			<string>&lt;group&gt;</string>
		</dict>
		<key>EBCB246C18E9FBAF00807472</key>
		<dict>
			<key>attributes</key>
			<dict>
				<key>LastUpgradeCheck</key>
				<string>0510</string>
				<key>ORGANIZATIONNAME</key>
				<string>Venmo</string>
				<key>TargetAttributes</key>
				<dict>
					<key>EB00DB331906E647001836A8</key>
					<dict>
						<key>TestTargetID</key>
						<string>EBCB247318E9FBAF00807472</string>
					</dict>
				</dict>
			</dict>
			<key>buildConfigurationList</key>
			<string>EBCB246F18E9FBAF00807472</string>
			<key>compatibilityVersion</key>
			<string>Xcode 3.2</string>
			<key>developmentRegion</key>
			<string>English</string>
			<key>hasScannedForEncodings</key>
			<string>0</string>
			<key>isa</key>
			<string>PBXProject</string>
			<key>knownRegions</key>
			<array>
				<string>en</string>
			</array>
			<key>mainGroup</key>
			<string>EBCB246B18E9FBAF00807472</string>
			<key>productRefGroup</key>
			<string>EBCB247518E9FBAF00807472</string>
			<key>projectDirPath</key>
			<string></string>
			<key>projectReferences</key>
			<array/>
			<key>projectRoot</key>
			<string></string>
			<key>targets</key>
			<array>
				<string>EBCB247318E9FBAF00807472</string>
				<string>EBCB248318E9FBAF00807472</string>
				<string>EB00DB331906E647001836A8</string>
			</array>
		</dict>
		<key>EBCB246F18E9FBAF00807472</key>
		<dict>
			<key>buildConfigurations</key>
			<array>
				<string>EBCB249518E9FBAF00807472</string>
				<string>EBCB249618E9FBAF00807472</string>
			</array>
			<key>defaultConfigurationIsVisible</key>
			<string>0</string>
			<key>defaultConfigurationName</key>
			<string>Release</string>
			<key>isa</key>
			<string>XCConfigurationList</string>
		</dict>
		<key>EBCB247018E9FBAF00807472</key>
		<dict>
			<key>buildActionMask</key>
			<string>2147483647</string>
			<key>files</key>
			<array>
				<string>C24E595A18F84C67009670F7</string>
				<string>EBFB2F9018F7228600612BD8</string>
				<string>C24E595918F84C67009670F7</string>
				<string>EBF84D2A18EA5ADE00C0E077</string>
				<string>EBBE7E0818EA017700E47338</string>
				<string>EBCB247F18E9FBAF00807472</string>
				<string>EB418B9D18EB0E060003CBF5</string>
				<string>EB74B2BF18E9FD7B00838A9D</string>
				<string>EBB8E3C118FDDB6300A22C6B</string>
				<string>EBB8E3B118FD86AB00A22C6B</string>
			</array>
			<key>isa</key>
			<string>PBXSourcesBuildPhase</string>
			<key>runOnlyForDeploymentPostprocessing</key>
			<string>0</string>
		</dict>
		<key>EBCB247118E9FBAF00807472</key>
		<dict>
			<key>buildActionMask</key>
			<string>2147483647</string>
			<key>files</key>
			<array>
				<string>EBCB247818E9FBAF00807472</string>
				<string>3DED53F413AA485586839756</string>
			</array>
			<key>isa</key>
			<string>PBXFrameworksBuildPhase</string>
			<key>runOnlyForDeploymentPostprocessing</key>
			<string>0</string>
		</dict>
		<key>EBCB247218E9FBAF00807472</key>
		<dict>
			<key>buildActionMask</key>
			<string>2147483647</string>
			<key>dstPath</key>
			<string>include/$(PRODUCT_NAME)</string>
			<key>dstSubfolderSpec</key>
			<string>16</string>
			<key>files</key>
			<array>
				<string>EBCB247D18E9FBAF00807472</string>
			</array>
			<key>isa</key>
			<string>PBXCopyFilesBuildPhase</string>
			<key>runOnlyForDeploymentPostprocessing</key>
			<string>0</string>
		</dict>
		<key>EBCB247318E9FBAF00807472</key>
		<dict>
			<key>buildConfigurationList</key>
			<string>EBCB249718E9FBAF00807472</string>
			<key>buildPhases</key>
			<array>
				<string>F8C3EB7371DA45E59C26154F</string>
				<string>EBCB247018E9FBAF00807472</string>
				<string>EBCB247118E9FBAF00807472</string>
				<string>EBCB247218E9FBAF00807472</string>
				<string>D9A8CE8A9C45431291938B0F</string>
			</array>
			<key>buildRules</key>
			<array/>
			<key>dependencies</key>
			<array/>
			<key>isa</key>
			<string>PBXNativeTarget</string>
			<key>name</key>
			<string>VENCore</string>
			<key>productName</key>
			<string>VENCore</string>
			<key>productReference</key>
			<string>EBCB247418E9FBAF00807472</string>
			<key>productType</key>
			<string>com.apple.product-type.library.static</string>
		</dict>
		<key>EBCB247418E9FBAF00807472</key>
		<dict>
			<key>explicitFileType</key>
			<string>archive.ar</string>
			<key>includeInIndex</key>
			<string>0</string>
			<key>isa</key>
			<string>PBXFileReference</string>
			<key>path</key>
			<string>libVENCore.a</string>
			<key>sourceTree</key>
			<string>BUILT_PRODUCTS_DIR</string>
		</dict>
		<key>EBCB247518E9FBAF00807472</key>
		<dict>
			<key>children</key>
			<array>
				<string>EBCB247418E9FBAF00807472</string>
				<string>EBCB248418E9FBAF00807472</string>
				<string>EB00DB341906E647001836A8</string>
			</array>
			<key>isa</key>
			<string>PBXGroup</string>
			<key>name</key>
			<string>Products</string>
			<key>sourceTree</key>
			<string>&lt;group&gt;</string>
		</dict>
		<key>EBCB247618E9FBAF00807472</key>
		<dict>
			<key>children</key>
			<array>
				<string>EBCB247718E9FBAF00807472</string>
				<string>EBCB248518E9FBAF00807472</string>
				<string>EBCB248818E9FBAF00807472</string>
				<string>7CF39AC81B5F4A809B92729B</string>
				<string>BB802D1BBF75489EBAC57A1E</string>
				<string>1DC461A27E94407698BE1D38</string>
				<string>25B6CD691E644507A1045E0D</string>
				<string>4779F161125042D590B452A8</string>
			</array>
			<key>isa</key>
			<string>PBXGroup</string>
			<key>name</key>
			<string>Frameworks</string>
			<key>sourceTree</key>
			<string>&lt;group&gt;</string>
		</dict>
		<key>EBCB247718E9FBAF00807472</key>
		<dict>
			<key>isa</key>
			<string>PBXFileReference</string>
			<key>lastKnownFileType</key>
			<string>wrapper.framework</string>
			<key>name</key>
			<string>Foundation.framework</string>
			<key>path</key>
			<string>System/Library/Frameworks/Foundation.framework</string>
			<key>sourceTree</key>
			<string>SDKROOT</string>
		</dict>
		<key>EBCB247818E9FBAF00807472</key>
		<dict>
			<key>fileRef</key>
			<string>EBCB247718E9FBAF00807472</string>
			<key>isa</key>
			<string>PBXBuildFile</string>
		</dict>
		<key>EBCB247918E9FBAF00807472</key>
		<dict>
			<key>children</key>
			<array>
				<string>EBF84D2B18EA5AE900C0E077</string>
				<string>C24E594F18F84C67009670F7</string>
				<string>EB74B2BC18E9FD4200838A9D</string>
				<string>EBCB247C18E9FBAF00807472</string>
				<string>EBCB247E18E9FBAF00807472</string>
				<string>EBCB247A18E9FBAF00807472</string>
			</array>
			<key>isa</key>
			<string>PBXGroup</string>
			<key>path</key>
			<string>VENCore</string>
			<key>sourceTree</key>
			<string>&lt;group&gt;</string>
		</dict>
		<key>EBCB247A18E9FBAF00807472</key>
		<dict>
			<key>children</key>
			<array>
				<string>EBCB247B18E9FBAF00807472</string>
			</array>
			<key>isa</key>
			<string>PBXGroup</string>
			<key>name</key>
			<string>Supporting Files</string>
			<key>sourceTree</key>
			<string>&lt;group&gt;</string>
		</dict>
		<key>EBCB247B18E9FBAF00807472</key>
		<dict>
			<key>isa</key>
			<string>PBXFileReference</string>
			<key>lastKnownFileType</key>
			<string>sourcecode.c.h</string>
			<key>path</key>
			<string>VENCore-Prefix.pch</string>
			<key>sourceTree</key>
			<string>&lt;group&gt;</string>
		</dict>
		<key>EBCB247C18E9FBAF00807472</key>
		<dict>
			<key>isa</key>
			<string>PBXFileReference</string>
			<key>lastKnownFileType</key>
			<string>sourcecode.c.h</string>
			<key>path</key>
			<string>VENCore.h</string>
			<key>sourceTree</key>
			<string>&lt;group&gt;</string>
		</dict>
		<key>EBCB247D18E9FBAF00807472</key>
		<dict>
			<key>fileRef</key>
			<string>EBCB247C18E9FBAF00807472</string>
			<key>isa</key>
			<string>PBXBuildFile</string>
		</dict>
		<key>EBCB247E18E9FBAF00807472</key>
		<dict>
			<key>isa</key>
			<string>PBXFileReference</string>
			<key>lastKnownFileType</key>
			<string>sourcecode.c.objc</string>
			<key>path</key>
			<string>VENCore.m</string>
			<key>sourceTree</key>
			<string>&lt;group&gt;</string>
		</dict>
		<key>EBCB247F18E9FBAF00807472</key>
		<dict>
			<key>fileRef</key>
			<string>EBCB247E18E9FBAF00807472</string>
			<key>isa</key>
			<string>PBXBuildFile</string>
		</dict>
		<key>EBCB248018E9FBAF00807472</key>
		<dict>
			<key>buildActionMask</key>
			<string>2147483647</string>
			<key>files</key>
			<array>
				<string>EBB8E3B318FDA4BB00A22C6B</string>
				<string>EBBE7E0A18EA020500E47338</string>
				<string>4796D62118FC4B6D001461B1</string>
				<string>EBCB249418E9FBAF00807472</string>
				<string>4796D62318FC4B6D001461B1</string>
				<string>EBBE7E0D18EA022300E47338</string>
				<string>EB427E5918F8451B0070EDD9</string>
				<string>EBB8E3BE18FDB05400A22C6B</string>
				<string>EB418B9F18EB0E1B0003CBF5</string>
				<string>EB418B9A18EB0DD20003CBF5</string>
			</array>
			<key>isa</key>
			<string>PBXSourcesBuildPhase</string>
			<key>runOnlyForDeploymentPostprocessing</key>
			<string>0</string>
		</dict>
		<key>EBCB248118E9FBAF00807472</key>
		<dict>
			<key>buildActionMask</key>
			<string>2147483647</string>
			<key>files</key>
			<array>
				<string>EB10A52D18F7295B007F2119</string>
				<string>EBCB248618E9FBAF00807472</string>
				<string>EBCB248918E9FBAF00807472</string>
				<string>EBCB248718E9FBAF00807472</string>
				<string>DD62147186DC475FAC3C3A1D</string>
				<string>EAEAD5D239AE426196E78022</string>
			</array>
			<key>isa</key>
			<string>PBXFrameworksBuildPhase</string>
			<key>runOnlyForDeploymentPostprocessing</key>
			<string>0</string>
		</dict>
		<key>EBCB248218E9FBAF00807472</key>
		<dict>
			<key>buildActionMask</key>
			<string>2147483647</string>
			<key>files</key>
			<array>
				<string>EBA57C5418FC362000D39D0F</string>
				<string>EBA57C5318FC362000D39D0F</string>
				<string>4796A38718FDD4C6005CABA6</string>
				<string>EB427E5318F844910070EDD9</string>
				<string>EBCB249218E9FBAF00807472</string>
				<string>EBA57C5518FC362000D39D0F</string>
				<string>47BD36E018FDBA4500DE4554</string>
			</array>
			<key>isa</key>
			<string>PBXResourcesBuildPhase</string>
			<key>runOnlyForDeploymentPostprocessing</key>
			<string>0</string>
		</dict>
		<key>EBCB248318E9FBAF00807472</key>
		<dict>
			<key>buildConfigurationList</key>
			<string>EBCB249A18E9FBAF00807472</string>
			<key>buildPhases</key>
			<array>
				<string>C3A68FF6659A4FC19DA48CB5</string>
				<string>EBCB248018E9FBAF00807472</string>
				<string>EBCB248118E9FBAF00807472</string>
				<string>EBCB248218E9FBAF00807472</string>
				<string>5817C2AA84924DC496210914</string>
			</array>
			<key>buildRules</key>
			<array/>
			<key>dependencies</key>
			<array>
				<string>EBCB248B18E9FBAF00807472</string>
			</array>
			<key>isa</key>
			<string>PBXNativeTarget</string>
			<key>name</key>
			<string>VENCoreUnitTests</string>
			<key>productName</key>
			<string>VENCoreTests</string>
			<key>productReference</key>
			<string>EBCB248418E9FBAF00807472</string>
			<key>productType</key>
			<string>com.apple.product-type.bundle.unit-test</string>
		</dict>
		<key>EBCB248418E9FBAF00807472</key>
		<dict>
			<key>explicitFileType</key>
			<string>wrapper.cfbundle</string>
			<key>includeInIndex</key>
			<string>0</string>
			<key>isa</key>
			<string>PBXFileReference</string>
			<key>path</key>
			<string>VENCoreUnitTests.xctest</string>
			<key>sourceTree</key>
			<string>BUILT_PRODUCTS_DIR</string>
		</dict>
		<key>EBCB248518E9FBAF00807472</key>
		<dict>
			<key>isa</key>
			<string>PBXFileReference</string>
			<key>lastKnownFileType</key>
			<string>wrapper.framework</string>
			<key>name</key>
			<string>XCTest.framework</string>
			<key>path</key>
			<string>Library/Frameworks/XCTest.framework</string>
			<key>sourceTree</key>
			<string>DEVELOPER_DIR</string>
		</dict>
		<key>EBCB248618E9FBAF00807472</key>
		<dict>
			<key>fileRef</key>
			<string>EBCB248518E9FBAF00807472</string>
			<key>isa</key>
			<string>PBXBuildFile</string>
		</dict>
		<key>EBCB248718E9FBAF00807472</key>
		<dict>
			<key>fileRef</key>
			<string>EBCB247718E9FBAF00807472</string>
			<key>isa</key>
			<string>PBXBuildFile</string>
		</dict>
		<key>EBCB248818E9FBAF00807472</key>
		<dict>
			<key>isa</key>
			<string>PBXFileReference</string>
			<key>lastKnownFileType</key>
			<string>wrapper.framework</string>
			<key>name</key>
			<string>UIKit.framework</string>
			<key>path</key>
			<string>Library/Frameworks/UIKit.framework</string>
			<key>sourceTree</key>
			<string>DEVELOPER_DIR</string>
		</dict>
		<key>EBCB248918E9FBAF00807472</key>
		<dict>
			<key>fileRef</key>
			<string>EBCB248818E9FBAF00807472</string>
			<key>isa</key>
			<string>PBXBuildFile</string>
		</dict>
		<key>EBCB248A18E9FBAF00807472</key>
		<dict>
			<key>containerPortal</key>
			<string>EBCB246C18E9FBAF00807472</string>
			<key>isa</key>
			<string>PBXContainerItemProxy</string>
			<key>proxyType</key>
			<string>1</string>
			<key>remoteGlobalIDString</key>
			<string>EBCB247318E9FBAF00807472</string>
			<key>remoteInfo</key>
			<string>VENCore</string>
		</dict>
		<key>EBCB248B18E9FBAF00807472</key>
		<dict>
			<key>isa</key>
			<string>PBXTargetDependency</string>
			<key>target</key>
			<string>EBCB247318E9FBAF00807472</string>
			<key>targetProxy</key>
			<string>EBCB248A18E9FBAF00807472</string>
		</dict>
		<key>EBCB248D18E9FBAF00807472</key>
		<dict>
			<key>children</key>
			<array>
				<string>EB427E5118F8447D0070EDD9</string>
				<string>EB418B9818EB0DAC0003CBF5</string>
				<string>4796D61118FC4B3E001461B1</string>
				<string>EBBE7E0B18EA020C00E47338</string>
				<string>EB427E5B18F845250070EDD9</string>
				<string>EBCB249318E9FBAF00807472</string>
				<string>EBCB248E18E9FBAF00807472</string>
			</array>
			<key>isa</key>
			<string>PBXGroup</string>
			<key>path</key>
			<string>VENCoreUnitTests</string>
			<key>sourceTree</key>
			<string>&lt;group&gt;</string>
		</dict>
		<key>EBCB248E18E9FBAF00807472</key>
		<dict>
			<key>children</key>
			<array>
				<string>EBCB248F18E9FBAF00807472</string>
				<string>EBCB249018E9FBAF00807472</string>
				<string>EBBE7E1818EA2D7600E47338</string>
			</array>
			<key>isa</key>
			<string>PBXGroup</string>
			<key>name</key>
			<string>Supporting Files</string>
			<key>sourceTree</key>
			<string>&lt;group&gt;</string>
		</dict>
		<key>EBCB248F18E9FBAF00807472</key>
		<dict>
			<key>isa</key>
			<string>PBXFileReference</string>
			<key>lastKnownFileType</key>
			<string>text.plist.xml</string>
			<key>path</key>
			<string>VENCoreUnitTests-Info.plist</string>
			<key>sourceTree</key>
			<string>&lt;group&gt;</string>
		</dict>
		<key>EBCB249018E9FBAF00807472</key>
		<dict>
			<key>children</key>
			<array>
				<string>EBCB249118E9FBAF00807472</string>
			</array>
			<key>isa</key>
			<string>PBXVariantGroup</string>
			<key>name</key>
			<string>InfoPlist.strings</string>
			<key>sourceTree</key>
			<string>&lt;group&gt;</string>
		</dict>
		<key>EBCB249118E9FBAF00807472</key>
		<dict>
			<key>isa</key>
			<string>PBXFileReference</string>
			<key>lastKnownFileType</key>
			<string>text.plist.strings</string>
			<key>name</key>
			<string>en</string>
			<key>path</key>
			<string>en.lproj/InfoPlist.strings</string>
			<key>sourceTree</key>
			<string>&lt;group&gt;</string>
		</dict>
		<key>EBCB249218E9FBAF00807472</key>
		<dict>
			<key>fileRef</key>
			<string>EBCB249018E9FBAF00807472</string>
			<key>isa</key>
			<string>PBXBuildFile</string>
		</dict>
		<key>EBCB249318E9FBAF00807472</key>
		<dict>
			<key>isa</key>
			<string>PBXFileReference</string>
			<key>lastKnownFileType</key>
			<string>sourcecode.c.objc</string>
			<key>path</key>
			<string>VENCoreSpec.m</string>
			<key>sourceTree</key>
			<string>&lt;group&gt;</string>
		</dict>
		<key>EBCB249418E9FBAF00807472</key>
		<dict>
			<key>fileRef</key>
			<string>EBCB249318E9FBAF00807472</string>
			<key>isa</key>
			<string>PBXBuildFile</string>
		</dict>
		<key>EBCB249518E9FBAF00807472</key>
		<dict>
			<key>buildSettings</key>
			<dict>
				<key>ALWAYS_SEARCH_USER_PATHS</key>
				<string>NO</string>
				<key>CLANG_CXX_LANGUAGE_STANDARD</key>
				<string>gnu++0x</string>
				<key>CLANG_CXX_LIBRARY</key>
				<string>libc++</string>
				<key>CLANG_ENABLE_MODULES</key>
				<string>YES</string>
				<key>CLANG_ENABLE_OBJC_ARC</key>
				<string>YES</string>
				<key>CLANG_WARN_BOOL_CONVERSION</key>
				<string>YES</string>
				<key>CLANG_WARN_CONSTANT_CONVERSION</key>
				<string>YES</string>
				<key>CLANG_WARN_DIRECT_OBJC_ISA_USAGE</key>
				<string>YES_ERROR</string>
				<key>CLANG_WARN_EMPTY_BODY</key>
				<string>YES</string>
				<key>CLANG_WARN_ENUM_CONVERSION</key>
				<string>YES</string>
				<key>CLANG_WARN_INT_CONVERSION</key>
				<string>YES</string>
				<key>CLANG_WARN_OBJC_ROOT_CLASS</key>
				<string>YES_ERROR</string>
				<key>CLANG_WARN__DUPLICATE_METHOD_MATCH</key>
				<string>YES</string>
				<key>COPY_PHASE_STRIP</key>
				<string>NO</string>
				<key>GCC_C_LANGUAGE_STANDARD</key>
				<string>gnu99</string>
				<key>GCC_DYNAMIC_NO_PIC</key>
				<string>NO</string>
				<key>GCC_OPTIMIZATION_LEVEL</key>
				<string>0</string>
				<key>GCC_PREPROCESSOR_DEFINITIONS</key>
				<array>
					<string>DEBUG=1</string>
					<string>$(inherited)</string>
				</array>
				<key>GCC_SYMBOLS_PRIVATE_EXTERN</key>
				<string>NO</string>
				<key>GCC_WARN_64_TO_32_BIT_CONVERSION</key>
				<string>YES</string>
				<key>GCC_WARN_ABOUT_RETURN_TYPE</key>
				<string>YES_ERROR</string>
				<key>GCC_WARN_UNDECLARED_SELECTOR</key>
				<string>YES</string>
				<key>GCC_WARN_UNINITIALIZED_AUTOS</key>
				<string>YES_AGGRESSIVE</string>
				<key>GCC_WARN_UNUSED_FUNCTION</key>
				<string>YES</string>
				<key>GCC_WARN_UNUSED_VARIABLE</key>
				<string>YES</string>
				<key>HEADER_SEARCH_PATHS</key>
				<array>
					<string>$(inherited)</string>
					<string>/Applications/Xcode.app/Contents/Developer/Toolchains/XcodeDefault.xctoolchain/usr/include</string>
				</array>
				<key>IPHONEOS_DEPLOYMENT_TARGET</key>
				<string>7.1</string>
				<key>ONLY_ACTIVE_ARCH</key>
				<string>YES</string>
				<key>SDKROOT</key>
				<string>iphoneos</string>
			</dict>
			<key>isa</key>
			<string>XCBuildConfiguration</string>
			<key>name</key>
			<string>Debug</string>
		</dict>
		<key>EBCB249618E9FBAF00807472</key>
		<dict>
			<key>buildSettings</key>
			<dict>
				<key>ALWAYS_SEARCH_USER_PATHS</key>
				<string>NO</string>
				<key>CLANG_CXX_LANGUAGE_STANDARD</key>
				<string>gnu++0x</string>
				<key>CLANG_CXX_LIBRARY</key>
				<string>libc++</string>
				<key>CLANG_ENABLE_MODULES</key>
				<string>YES</string>
				<key>CLANG_ENABLE_OBJC_ARC</key>
				<string>YES</string>
				<key>CLANG_WARN_BOOL_CONVERSION</key>
				<string>YES</string>
				<key>CLANG_WARN_CONSTANT_CONVERSION</key>
				<string>YES</string>
				<key>CLANG_WARN_DIRECT_OBJC_ISA_USAGE</key>
				<string>YES_ERROR</string>
				<key>CLANG_WARN_EMPTY_BODY</key>
				<string>YES</string>
				<key>CLANG_WARN_ENUM_CONVERSION</key>
				<string>YES</string>
				<key>CLANG_WARN_INT_CONVERSION</key>
				<string>YES</string>
				<key>CLANG_WARN_OBJC_ROOT_CLASS</key>
				<string>YES_ERROR</string>
				<key>CLANG_WARN__DUPLICATE_METHOD_MATCH</key>
				<string>YES</string>
				<key>COPY_PHASE_STRIP</key>
				<string>YES</string>
				<key>ENABLE_NS_ASSERTIONS</key>
				<string>NO</string>
				<key>GCC_C_LANGUAGE_STANDARD</key>
				<string>gnu99</string>
				<key>GCC_WARN_64_TO_32_BIT_CONVERSION</key>
				<string>YES</string>
				<key>GCC_WARN_ABOUT_RETURN_TYPE</key>
				<string>YES_ERROR</string>
				<key>GCC_WARN_UNDECLARED_SELECTOR</key>
				<string>YES</string>
				<key>GCC_WARN_UNINITIALIZED_AUTOS</key>
				<string>YES_AGGRESSIVE</string>
				<key>GCC_WARN_UNUSED_FUNCTION</key>
				<string>YES</string>
				<key>GCC_WARN_UNUSED_VARIABLE</key>
				<string>YES</string>
				<key>HEADER_SEARCH_PATHS</key>
				<array>
					<string>$(inherited)</string>
					<string>/Applications/Xcode.app/Contents/Developer/Toolchains/XcodeDefault.xctoolchain/usr/include</string>
				</array>
				<key>IPHONEOS_DEPLOYMENT_TARGET</key>
				<string>7.1</string>
				<key>SDKROOT</key>
				<string>iphoneos</string>
				<key>VALIDATE_PRODUCT</key>
				<string>YES</string>
			</dict>
			<key>isa</key>
			<string>XCBuildConfiguration</string>
			<key>name</key>
			<string>Release</string>
		</dict>
		<key>EBCB249718E9FBAF00807472</key>
		<dict>
			<key>buildConfigurations</key>
			<array>
				<string>EBCB249818E9FBAF00807472</string>
				<string>EBCB249918E9FBAF00807472</string>
			</array>
			<key>defaultConfigurationIsVisible</key>
			<string>0</string>
			<key>defaultConfigurationName</key>
			<string>Release</string>
			<key>isa</key>
			<string>XCConfigurationList</string>
		</dict>
		<key>EBCB249818E9FBAF00807472</key>
		<dict>
			<key>baseConfigurationReference</key>
			<string>A1AE1BF8A82F4124AD872FD8</string>
			<key>buildSettings</key>
			<dict>
				<key>DSTROOT</key>
				<string>/tmp/VENCore.dst</string>
				<key>GCC_PRECOMPILE_PREFIX_HEADER</key>
				<string>YES</string>
				<key>GCC_PREFIX_HEADER</key>
				<string>VENCore/VENCore-Prefix.pch</string>
				<key>OTHER_LDFLAGS</key>
				<array>
					<string>$(inherited)</string>
					<string>-ObjC</string>
				</array>
				<key>PRODUCT_NAME</key>
				<string>$(TARGET_NAME)</string>
				<key>SKIP_INSTALL</key>
				<string>YES</string>
			</dict>
			<key>isa</key>
			<string>XCBuildConfiguration</string>
			<key>name</key>
			<string>Debug</string>
		</dict>
		<key>EBCB249918E9FBAF00807472</key>
		<dict>
			<key>baseConfigurationReference</key>
			<string>A1AE1BF8A82F4124AD872FD8</string>
			<key>buildSettings</key>
			<dict>
				<key>DSTROOT</key>
				<string>/tmp/VENCore.dst</string>
				<key>GCC_PRECOMPILE_PREFIX_HEADER</key>
				<string>YES</string>
				<key>GCC_PREFIX_HEADER</key>
				<string>VENCore/VENCore-Prefix.pch</string>
				<key>OTHER_LDFLAGS</key>
				<array>
					<string>$(inherited)</string>
					<string>-ObjC</string>
				</array>
				<key>PRODUCT_NAME</key>
				<string>$(TARGET_NAME)</string>
				<key>SKIP_INSTALL</key>
				<string>YES</string>
			</dict>
			<key>isa</key>
			<string>XCBuildConfiguration</string>
			<key>name</key>
			<string>Release</string>
		</dict>
		<key>EBCB249A18E9FBAF00807472</key>
		<dict>
			<key>buildConfigurations</key>
			<array>
				<string>EBCB249B18E9FBAF00807472</string>
				<string>EBCB249C18E9FBAF00807472</string>
			</array>
			<key>defaultConfigurationIsVisible</key>
			<string>0</string>
			<key>defaultConfigurationName</key>
			<string>Release</string>
			<key>isa</key>
			<string>XCConfigurationList</string>
		</dict>
		<key>EBCB249B18E9FBAF00807472</key>
		<dict>
			<key>baseConfigurationReference</key>
			<string>B5284720DE944039BF66DD7A</string>
			<key>buildSettings</key>
			<dict>
				<key>FRAMEWORK_SEARCH_PATHS</key>
				<array>
					<string>$(SDKROOT)/Developer/Library/Frameworks</string>
					<string>$(inherited)</string>
					<string>$(DEVELOPER_FRAMEWORKS_DIR)</string>
				</array>
				<key>GCC_PRECOMPILE_PREFIX_HEADER</key>
				<string>YES</string>
				<key>GCC_PREFIX_HEADER</key>
				<string>VENCoreUnitTests/VENCoreUnitTests-Prefix.pch</string>
				<key>GCC_PREPROCESSOR_DEFINITIONS</key>
				<array>
					<string>DEBUG=1</string>
					<string>$(inherited)</string>
				</array>
				<key>INFOPLIST_FILE</key>
				<string>VENCoreUnitTests/VENCoreUnitTests-Info.plist</string>
				<key>PRODUCT_NAME</key>
				<string>$(TARGET_NAME)</string>
				<key>WRAPPER_EXTENSION</key>
				<string>xctest</string>
			</dict>
			<key>isa</key>
			<string>XCBuildConfiguration</string>
			<key>name</key>
			<string>Debug</string>
		</dict>
		<key>EBCB249C18E9FBAF00807472</key>
		<dict>
			<key>baseConfigurationReference</key>
			<string>B5284720DE944039BF66DD7A</string>
			<key>buildSettings</key>
			<dict>
				<key>FRAMEWORK_SEARCH_PATHS</key>
				<array>
					<string>$(SDKROOT)/Developer/Library/Frameworks</string>
					<string>$(inherited)</string>
					<string>$(DEVELOPER_FRAMEWORKS_DIR)</string>
				</array>
				<key>GCC_PRECOMPILE_PREFIX_HEADER</key>
				<string>YES</string>
				<key>GCC_PREFIX_HEADER</key>
				<string>VENCoreUnitTests/VENCoreUnitTests-Prefix.pch</string>
				<key>INFOPLIST_FILE</key>
				<string>VENCoreUnitTests/VENCoreUnitTests-Info.plist</string>
				<key>PRODUCT_NAME</key>
				<string>$(TARGET_NAME)</string>
				<key>WRAPPER_EXTENSION</key>
				<string>xctest</string>
			</dict>
			<key>isa</key>
			<string>XCBuildConfiguration</string>
			<key>name</key>
			<string>Release</string>
		</dict>
		<key>EBF84D2818EA5ADE00C0E077</key>
		<dict>
			<key>fileEncoding</key>
			<string>4</string>
			<key>isa</key>
			<string>PBXFileReference</string>
			<key>lastKnownFileType</key>
			<string>sourcecode.c.h</string>
			<key>name</key>
			<string>NSError+VENCore.h</string>
			<key>path</key>
			<string>Categories/NSError+VENCore.h</string>
			<key>sourceTree</key>
			<string>&lt;group&gt;</string>
		</dict>
		<key>EBF84D2918EA5ADE00C0E077</key>
		<dict>
			<key>fileEncoding</key>
			<string>4</string>
			<key>isa</key>
			<string>PBXFileReference</string>
			<key>lastKnownFileType</key>
			<string>sourcecode.c.objc</string>
			<key>name</key>
			<string>NSError+VENCore.m</string>
			<key>path</key>
			<string>Categories/NSError+VENCore.m</string>
			<key>sourceTree</key>
			<string>&lt;group&gt;</string>
		</dict>
		<key>EBF84D2A18EA5ADE00C0E077</key>
		<dict>
			<key>fileRef</key>
			<string>EBF84D2918EA5ADE00C0E077</string>
			<key>isa</key>
			<string>PBXBuildFile</string>
		</dict>
		<key>EBF84D2B18EA5AE900C0E077</key>
		<dict>
			<key>children</key>
			<array>
				<string>EBB8E3BF18FDDB6300A22C6B</string>
				<string>EBB8E3C018FDDB6300A22C6B</string>
				<string>EB418B9B18EB0E060003CBF5</string>
				<string>EB418B9C18EB0E060003CBF5</string>
				<string>EBF84D2818EA5ADE00C0E077</string>
				<string>EBF84D2918EA5ADE00C0E077</string>
				<string>EBFB2F8E18F7228600612BD8</string>
				<string>EBFB2F8F18F7228600612BD8</string>
			</array>
			<key>isa</key>
			<string>PBXGroup</string>
			<key>name</key>
			<string>Categories</string>
			<key>sourceTree</key>
			<string>&lt;group&gt;</string>
		</dict>
		<key>EBFB2F8E18F7228600612BD8</key>
		<dict>
			<key>fileEncoding</key>
			<string>4</string>
			<key>isa</key>
			<string>PBXFileReference</string>
			<key>lastKnownFileType</key>
			<string>sourcecode.c.h</string>
			<key>name</key>
			<string>UIDevice+VENCore.h</string>
			<key>path</key>
			<string>Categories/UIDevice+VENCore.h</string>
			<key>sourceTree</key>
			<string>&lt;group&gt;</string>
		</dict>
		<key>EBFB2F8F18F7228600612BD8</key>
		<dict>
			<key>fileEncoding</key>
			<string>4</string>
			<key>isa</key>
			<string>PBXFileReference</string>
			<key>lastKnownFileType</key>
			<string>sourcecode.c.objc</string>
			<key>name</key>
			<string>UIDevice+VENCore.m</string>
			<key>path</key>
			<string>Categories/UIDevice+VENCore.m</string>
			<key>sourceTree</key>
			<string>&lt;group&gt;</string>
		</dict>
		<key>EBFB2F9018F7228600612BD8</key>
		<dict>
			<key>fileRef</key>
			<string>EBFB2F8F18F7228600612BD8</string>
			<key>isa</key>
			<string>PBXBuildFile</string>
		</dict>
		<key>F8C3EB7371DA45E59C26154F</key>
		<dict>
			<key>buildActionMask</key>
			<string>2147483647</string>
			<key>files</key>
			<array/>
			<key>inputPaths</key>
			<array/>
			<key>isa</key>
			<string>PBXShellScriptBuildPhase</string>
			<key>name</key>
			<string>Check Pods Manifest.lock</string>
			<key>outputPaths</key>
			<array/>
			<key>runOnlyForDeploymentPostprocessing</key>
			<string>0</string>
			<key>shellPath</key>
			<string>/bin/sh</string>
			<key>shellScript</key>
			<string>diff "${PODS_ROOT}/../Podfile.lock" "${PODS_ROOT}/Manifest.lock" &gt; /dev/null
if [[ $? != 0 ]] ; then
    cat &lt;&lt; EOM
error: The sandbox is not in sync with the Podfile.lock. Run 'pod install' or update your CocoaPods installation.
EOM
    exit 1
fi
</string>
			<key>showEnvVarsInLog</key>
			<string>0</string>
		</dict>
	</dict>
	<key>rootObject</key>
	<string>EBCB246C18E9FBAF00807472</string>
</dict>
</plist>
