// !$*UTF8*$!
{
	archiveVersion = 1;
	classes = {
	};
	objectVersion = 47;
	objects = {

/* Begin PBXBuildFile section */
		26B2687F1B18BEF100D82815 /* NSString+VENCore.h in Headers */ = {isa = PBXBuildFile; fileRef = EBB8E3BF18FDDB6300A22C6B /* NSString+VENCore.h */; settings = {ATTRIBUTES = (Public, ); }; };
		26B268801B18BEF100D82815 /* NSString+VENCore.m in Sources */ = {isa = PBXBuildFile; fileRef = EBB8E3C018FDDB6300A22C6B /* NSString+VENCore.m */; };
		26B268811B18BEF100D82815 /* NSDictionary+VENCore.h in Headers */ = {isa = PBXBuildFile; fileRef = EB418B9B18EB0E060003CBF5 /* NSDictionary+VENCore.h */; settings = {ATTRIBUTES = (Public, ); }; };
		26B268821B18BEF100D82815 /* NSDictionary+VENCore.m in Sources */ = {isa = PBXBuildFile; fileRef = EB418B9C18EB0E060003CBF5 /* NSDictionary+VENCore.m */; };
		26B268831B18BEF100D82815 /* NSArray+VENCore.h in Headers */ = {isa = PBXBuildFile; fileRef = 9B2C2D04196ED75400D1B241 /* NSArray+VENCore.h */; settings = {ATTRIBUTES = (Public, ); }; };
		26B268841B18BEF100D82815 /* NSArray+VENCore.m in Sources */ = {isa = PBXBuildFile; fileRef = 9B2C2D05196ED75400D1B241 /* NSArray+VENCore.m */; };
		26B268851B18BEF100D82815 /* NSError+VENCore.h in Headers */ = {isa = PBXBuildFile; fileRef = EBF84D2818EA5ADE00C0E077 /* NSError+VENCore.h */; settings = {ATTRIBUTES = (Public, ); }; };
		26B268861B18BEF100D82815 /* NSError+VENCore.m in Sources */ = {isa = PBXBuildFile; fileRef = EBF84D2918EA5ADE00C0E077 /* NSError+VENCore.m */; };
		26B268871B18BEF100D82815 /* UIDevice+VENCore.h in Headers */ = {isa = PBXBuildFile; fileRef = EBFB2F8E18F7228600612BD8 /* UIDevice+VENCore.h */; settings = {ATTRIBUTES = (Public, ); }; };
		26B268881B18BEF100D82815 /* UIDevice+VENCore.m in Sources */ = {isa = PBXBuildFile; fileRef = EBFB2F8F18F7228600612BD8 /* UIDevice+VENCore.m */; };
		26B268891B18BEF500D82815 /* VENCreateTransactionRequest.h in Headers */ = {isa = PBXBuildFile; fileRef = 3AE56FEE190871DF0054B7EF /* VENCreateTransactionRequest.h */; settings = {ATTRIBUTES = (Public, ); }; };
		26B2688A1B18BEF500D82815 /* VENCreateTransactionRequest.m in Sources */ = {isa = PBXBuildFile; fileRef = 3AE56FEF190871DF0054B7EF /* VENCreateTransactionRequest.m */; };
		26B2688B1B18BEF500D82815 /* VENTransaction.h in Headers */ = {isa = PBXBuildFile; fileRef = C24E595318F84C67009670F7 /* VENTransaction.h */; settings = {ATTRIBUTES = (Public, ); }; };
		26B2688C1B18BEF500D82815 /* VENTransaction.m in Sources */ = {isa = PBXBuildFile; fileRef = C24E595418F84C67009670F7 /* VENTransaction.m */; };
		26B2688D1B18BEF500D82815 /* VENTransactionTarget.h in Headers */ = {isa = PBXBuildFile; fileRef = EBB8E3AF18FD86AB00A22C6B /* VENTransactionTarget.h */; settings = {ATTRIBUTES = (Public, ); }; };
		26B2688E1B18BEF500D82815 /* VENTransactionTarget.m in Sources */ = {isa = PBXBuildFile; fileRef = EBB8E3B018FD86AB00A22C6B /* VENTransactionTarget.m */; };
		26B2688F1B18BEF500D82815 /* VENTransactionPayloadKeys.h in Headers */ = {isa = PBXBuildFile; fileRef = 47136D3A18FF001F00AD63CD /* VENTransactionPayloadKeys.h */; settings = {ATTRIBUTES = (Public, ); }; };
		26B268901B18BEF800D82815 /* VENUser.h in Headers */ = {isa = PBXBuildFile; fileRef = C24E595618F84C67009670F7 /* VENUser.h */; settings = {ATTRIBUTES = (Public, ); }; };
		26B268921B18BEF800D82815 /* VENUserPayloadKeys.h in Headers */ = {isa = PBXBuildFile; fileRef = C24E596018F885D7009670F7 /* VENUserPayloadKeys.h */; settings = {ATTRIBUTES = (Public, ); }; };
		26B268931B18BEFC00D82815 /* VENHTTP.h in Headers */ = {isa = PBXBuildFile; fileRef = EB74B2BD18E9FD7B00838A9D /* VENHTTP.h */; settings = {ATTRIBUTES = (Public, ); }; };
		26B268941B18BEFC00D82815 /* VENHTTP.m in Sources */ = {isa = PBXBuildFile; fileRef = EB74B2BE18E9FD7B00838A9D /* VENHTTP.m */; };
		26B268951B18BEFC00D82815 /* VENHTTPResponse.h in Headers */ = {isa = PBXBuildFile; fileRef = EBBE7E0618EA017700E47338 /* VENHTTPResponse.h */; settings = {ATTRIBUTES = (Public, ); }; };
		26B268961B18BEFC00D82815 /* VENHTTPResponse.m in Sources */ = {isa = PBXBuildFile; fileRef = EBBE7E0718EA017700E47338 /* VENHTTPResponse.m */; };
		26B268971B18BEFC00D82815 /* VENCore.h in Headers */ = {isa = PBXBuildFile; fileRef = EBCB247C18E9FBAF00807472 /* VENCore.h */; settings = {ATTRIBUTES = (Public, ); }; };
		26B268981B18BEFC00D82815 /* VENCore.m in Sources */ = {isa = PBXBuildFile; fileRef = EBCB247E18E9FBAF00807472 /* VENCore.m */; };
		26B268991B18BF3600D82815 /* Foundation.framework in Frameworks */ = {isa = PBXBuildFile; fileRef = EBCB247718E9FBAF00807472 /* Foundation.framework */; };
		26B2689C1B18BF4F00D82815 /* CMDQueryStringSerialization.framework in Frameworks */ = {isa = PBXBuildFile; fileRef = 26B2689A1B18BF4F00D82815 /* CMDQueryStringSerialization.framework */; };
		26B2689D1B18BF4F00D82815 /* ISO8601.framework in Frameworks */ = {isa = PBXBuildFile; fileRef = 26B2689B1B18BF4F00D82815 /* ISO8601.framework */; };
		26B2689F1B18BF6C00D82815 /* VENCore.framework in Frameworks */ = {isa = PBXBuildFile; fileRef = 26B268661B18BBD000D82815 /* VENCore.framework */; };
		26B268A91B18C39100D82815 /* VENUser.m in Sources */ = {isa = PBXBuildFile; fileRef = C24E595718F84C67009670F7 /* VENUser.m */; };
		26B268B31B18D7D100D82815 /* VENCore.framework in Frameworks */ = {isa = PBXBuildFile; fileRef = 26B268661B18BBD000D82815 /* VENCore.framework */; };
		26B268B51B18D8AA00D82815 /* CMDQueryStringSerialization.framework in CopyFiles */ = {isa = PBXBuildFile; fileRef = 26B2689A1B18BF4F00D82815 /* CMDQueryStringSerialization.framework */; settings = {ATTRIBUTES = (CodeSignOnCopy, RemoveHeadersOnCopy, ); }; };
		26B268B61B18D8AA00D82815 /* ISO8601.framework in CopyFiles */ = {isa = PBXBuildFile; fileRef = 26B2689B1B18BF4F00D82815 /* ISO8601.framework */; settings = {ATTRIBUTES = (CodeSignOnCopy, RemoveHeadersOnCopy, ); }; };
		3AE56FF21908A0610054B7EF /* VENCreateTransactionRequestSpec.m in Sources */ = {isa = PBXBuildFile; fileRef = 3AE56FF11908A0610054B7EF /* VENCreateTransactionRequestSpec.m */; };
		4796A38718FDD4C6005CABA6 /* fetchInvalidUser.json in Resources */ = {isa = PBXBuildFile; fileRef = 4796A38618FDD4C6005CABA6 /* fetchInvalidUser.json */; };
		4796D62118FC4B6D001461B1 /* VENTransactionSpec.m in Sources */ = {isa = PBXBuildFile; fileRef = 4796D61C18FC4B6D001461B1 /* VENTransactionSpec.m */; };
		4796D62318FC4B6D001461B1 /* VENUserSpec.m in Sources */ = {isa = PBXBuildFile; fileRef = 4796D61F18FC4B6D001461B1 /* VENUserSpec.m */; };
		47BD36E018FDBA4500DE4554 /* fetchChrisUser.json in Resources */ = {isa = PBXBuildFile; fileRef = 47BD36DF18FDBA4500DE4554 /* fetchChrisUser.json */; };
		9B2C2CF9196C992000D1B241 /* fetchInvalidFriends.json in Resources */ = {isa = PBXBuildFile; fileRef = 9B2C2CF8196C992000D1B241 /* fetchInvalidFriends.json */; };
		9B2C2D09196EDC3000D1B241 /* NSArray+VENCoreSpec.m in Sources */ = {isa = PBXBuildFile; fileRef = 9B2C2D08196EDC3000D1B241 /* NSArray+VENCoreSpec.m */; };
		9BF60703196C333000F163E5 /* fetchFriends.json in Resources */ = {isa = PBXBuildFile; fileRef = 9BF60702196C333000F163E5 /* fetchFriends.json */; };
		D450CEA3D926ED3910030FF7 /* libPods-VENCoreUnitTests.a in Frameworks */ = {isa = PBXBuildFile; fileRef = 15088C9D7EAF6B7EA4373B26 /* libPods-VENCoreUnitTests.a */; };
		E7036D292F36B415B3EEF06E /* libPods-VENCoreIntegrationTests.a in Frameworks */ = {isa = PBXBuildFile; fileRef = 6945187FEE234B1B8F6814F6 /* libPods-VENCoreIntegrationTests.a */; };
		EB00DB351906E647001836A8 /* XCTest.framework in Frameworks */ = {isa = PBXBuildFile; fileRef = EBCB248518E9FBAF00807472 /* XCTest.framework */; };
		EB00DB361906E647001836A8 /* Foundation.framework in Frameworks */ = {isa = PBXBuildFile; fileRef = EBCB247718E9FBAF00807472 /* Foundation.framework */; };
		EB00DB371906E647001836A8 /* UIKit.framework in Frameworks */ = {isa = PBXBuildFile; fileRef = EBCB248818E9FBAF00807472 /* UIKit.framework */; };
		EB00DB3D1906E647001836A8 /* InfoPlist.strings in Resources */ = {isa = PBXBuildFile; fileRef = EB00DB3B1906E647001836A8 /* InfoPlist.strings */; };
		EB00DB3F1906E647001836A8 /* PaymentSandboxSpec.m in Sources */ = {isa = PBXBuildFile; fileRef = EB00DB3E1906E647001836A8 /* PaymentSandboxSpec.m */; };
		EB34431319071EA200B7791E /* paymentToUser.json in Resources */ = {isa = PBXBuildFile; fileRef = EB34431219071EA200B7791E /* paymentToUser.json */; };
		EB34AA911907006F00663ECF /* VENTestUtilities.m in Sources */ = {isa = PBXBuildFile; fileRef = EB427E5718F8451B0070EDD9 /* VENTestUtilities.m */; };
		EB418B9A18EB0DD20003CBF5 /* NSError+VENCoreSpec.m in Sources */ = {isa = PBXBuildFile; fileRef = EB418B9918EB0DD20003CBF5 /* NSError+VENCoreSpec.m */; };
		EB418B9F18EB0E1B0003CBF5 /* NSDictionary+VENCoreSpec.m in Sources */ = {isa = PBXBuildFile; fileRef = EB418B9E18EB0E1B0003CBF5 /* NSDictionary+VENCoreSpec.m */; };
		EB427E5318F844910070EDD9 /* paymentToEmail.json in Resources */ = {isa = PBXBuildFile; fileRef = EB427E5218F844910070EDD9 /* paymentToEmail.json */; };
		EB427E5918F8451B0070EDD9 /* VENTestUtilities.m in Sources */ = {isa = PBXBuildFile; fileRef = EB427E5718F8451B0070EDD9 /* VENTestUtilities.m */; };
		EB6A5ADA1906FC44003C067E /* VENUserIntegrationSpec.m in Sources */ = {isa = PBXBuildFile; fileRef = EB6A5AD91906FC44003C067E /* VENUserIntegrationSpec.m */; };
		EBA57C5318FC362000D39D0F /* invalidAccessTokenError.json in Resources */ = {isa = PBXBuildFile; fileRef = EBA57C5018FC362000D39D0F /* invalidAccessTokenError.json */; };
		EBA57C5418FC362000D39D0F /* invalidAmountError.json in Resources */ = {isa = PBXBuildFile; fileRef = EBA57C5118FC362000D39D0F /* invalidAmountError.json */; };
		EBA57C5518FC362000D39D0F /* invalidAudienceError.json in Resources */ = {isa = PBXBuildFile; fileRef = EBA57C5218FC362000D39D0F /* invalidAudienceError.json */; };
		EBB8E3B318FDA4BB00A22C6B /* VENTransactionTargetSpec.m in Sources */ = {isa = PBXBuildFile; fileRef = EBB8E3B218FDA4BB00A22C6B /* VENTransactionTargetSpec.m */; };
		EBB8E3BE18FDB05400A22C6B /* NSString+VENCoreSpec.m in Sources */ = {isa = PBXBuildFile; fileRef = EBB8E3BD18FDB05400A22C6B /* NSString+VENCoreSpec.m */; };
		EBBE7E0A18EA020500E47338 /* VENHTTPSpec.m in Sources */ = {isa = PBXBuildFile; fileRef = EBBE7E0918EA020500E47338 /* VENHTTPSpec.m */; };
		EBBE7E0D18EA022300E47338 /* VENHTTPResponseSpec.m in Sources */ = {isa = PBXBuildFile; fileRef = EBBE7E0C18EA022300E47338 /* VENHTTPResponseSpec.m */; };
		EBCB248618E9FBAF00807472 /* XCTest.framework in Frameworks */ = {isa = PBXBuildFile; fileRef = EBCB248518E9FBAF00807472 /* XCTest.framework */; };
		EBCB248718E9FBAF00807472 /* Foundation.framework in Frameworks */ = {isa = PBXBuildFile; fileRef = EBCB247718E9FBAF00807472 /* Foundation.framework */; };
		EBCB248918E9FBAF00807472 /* UIKit.framework in Frameworks */ = {isa = PBXBuildFile; fileRef = EBCB248818E9FBAF00807472 /* UIKit.framework */; };
		EBCB249218E9FBAF00807472 /* InfoPlist.strings in Resources */ = {isa = PBXBuildFile; fileRef = EBCB249018E9FBAF00807472 /* InfoPlist.strings */; };
		EBCB249418E9FBAF00807472 /* VENCoreSpec.m in Sources */ = {isa = PBXBuildFile; fileRef = EBCB249318E9FBAF00807472 /* VENCoreSpec.m */; };
/* End PBXBuildFile section */

/* Begin PBXContainerItemProxy section */
		26B268A01B18BFF100D82815 /* PBXContainerItemProxy */ = {
			isa = PBXContainerItemProxy;
			containerPortal = EBCB246C18E9FBAF00807472 /* Project object */;
			proxyType = 1;
			remoteGlobalIDString = 26B268651B18BBD000D82815;
			remoteInfo = VENCore;
		};
		26B268A21B18BFF300D82815 /* PBXContainerItemProxy */ = {
			isa = PBXContainerItemProxy;
			containerPortal = EBCB246C18E9FBAF00807472 /* Project object */;
			proxyType = 1;
			remoteGlobalIDString = 26B268651B18BBD000D82815;
			remoteInfo = VENCore;
		};
/* End PBXContainerItemProxy section */

/* Begin PBXCopyFilesBuildPhase section */
		26B268AE1B18D78300D82815 /* CopyFiles */ = {
			isa = PBXCopyFilesBuildPhase;
			buildActionMask = 2147483647;
			dstPath = "";
			dstSubfolderSpec = 10;
			files = (
			);
			runOnlyForDeploymentPostprocessing = 0;
		};
		26B268B41B18D8A500D82815 /* CopyFiles */ = {
			isa = PBXCopyFilesBuildPhase;
			buildActionMask = 2147483647;
			dstPath = "";
			dstSubfolderSpec = 10;
			files = (
				26B268B51B18D8AA00D82815 /* CMDQueryStringSerialization.framework in CopyFiles */,
				26B268B61B18D8AA00D82815 /* ISO8601.framework in CopyFiles */,
			);
			runOnlyForDeploymentPostprocessing = 0;
		};
/* End PBXCopyFilesBuildPhase section */

/* Begin PBXFileReference section */
		15088C9D7EAF6B7EA4373B26 /* libPods-VENCoreUnitTests.a */ = {isa = PBXFileReference; explicitFileType = archive.ar; includeInIndex = 0; path = "libPods-VENCoreUnitTests.a"; sourceTree = BUILT_PRODUCTS_DIR; };
		26B268661B18BBD000D82815 /* VENCore.framework */ = {isa = PBXFileReference; explicitFileType = wrapper.framework; includeInIndex = 0; path = VENCore.framework; sourceTree = BUILT_PRODUCTS_DIR; };
		26B268691B18BBD100D82815 /* Info.plist */ = {isa = PBXFileReference; lastKnownFileType = text.plist.xml; path = Info.plist; sourceTree = "<group>"; };
		26B2689A1B18BF4F00D82815 /* CMDQueryStringSerialization.framework */ = {isa = PBXFileReference; lastKnownFileType = wrapper.framework; name = CMDQueryStringSerialization.framework; path = Carthage/Build/iOS/CMDQueryStringSerialization.framework; sourceTree = "<group>"; };
		26B2689B1B18BF4F00D82815 /* ISO8601.framework */ = {isa = PBXFileReference; lastKnownFileType = wrapper.framework; name = ISO8601.framework; path = Carthage/Build/iOS/ISO8601.framework; sourceTree = "<group>"; };
		3AE56FEE190871DF0054B7EF /* VENCreateTransactionRequest.h */ = {isa = PBXFileReference; fileEncoding = 4; lastKnownFileType = sourcecode.c.h; path = VENCreateTransactionRequest.h; sourceTree = "<group>"; };
		3AE56FEF190871DF0054B7EF /* VENCreateTransactionRequest.m */ = {isa = PBXFileReference; fileEncoding = 4; lastKnownFileType = sourcecode.c.objc; path = VENCreateTransactionRequest.m; sourceTree = "<group>"; };
		3AE56FF11908A0610054B7EF /* VENCreateTransactionRequestSpec.m */ = {isa = PBXFileReference; fileEncoding = 4; lastKnownFileType = sourcecode.c.objc; path = VENCreateTransactionRequestSpec.m; sourceTree = "<group>"; };
		47136D3A18FF001F00AD63CD /* VENTransactionPayloadKeys.h */ = {isa = PBXFileReference; fileEncoding = 4; lastKnownFileType = sourcecode.c.h; path = VENTransactionPayloadKeys.h; sourceTree = "<group>"; };
		4796A38618FDD4C6005CABA6 /* fetchInvalidUser.json */ = {isa = PBXFileReference; fileEncoding = 4; lastKnownFileType = text.json; path = fetchInvalidUser.json; sourceTree = "<group>"; };
		4796D61C18FC4B6D001461B1 /* VENTransactionSpec.m */ = {isa = PBXFileReference; fileEncoding = 4; lastKnownFileType = sourcecode.c.objc; path = VENTransactionSpec.m; sourceTree = "<group>"; };
		4796D61F18FC4B6D001461B1 /* VENUserSpec.m */ = {isa = PBXFileReference; fileEncoding = 4; lastKnownFileType = sourcecode.c.objc; path = VENUserSpec.m; sourceTree = "<group>"; };
		47BD36DF18FDBA4500DE4554 /* fetchChrisUser.json */ = {isa = PBXFileReference; fileEncoding = 4; lastKnownFileType = text.json; path = fetchChrisUser.json; sourceTree = "<group>"; };
		63707C766B9FEEAAACE06408 /* Pods-VENCoreUnitTests.release.xcconfig */ = {isa = PBXFileReference; includeInIndex = 1; lastKnownFileType = text.xcconfig; name = "Pods-VENCoreUnitTests.release.xcconfig"; path = "Pods/Target Support Files/Pods-VENCoreUnitTests/Pods-VENCoreUnitTests.release.xcconfig"; sourceTree = "<group>"; };
		6945187FEE234B1B8F6814F6 /* libPods-VENCoreIntegrationTests.a */ = {isa = PBXFileReference; explicitFileType = archive.ar; includeInIndex = 0; path = "libPods-VENCoreIntegrationTests.a"; sourceTree = BUILT_PRODUCTS_DIR; };
		87B03D9C492190709B42F7BA /* Pods-VENCoreIntegrationTests.release.xcconfig */ = {isa = PBXFileReference; includeInIndex = 1; lastKnownFileType = text.xcconfig; name = "Pods-VENCoreIntegrationTests.release.xcconfig"; path = "Pods/Target Support Files/Pods-VENCoreIntegrationTests/Pods-VENCoreIntegrationTests.release.xcconfig"; sourceTree = "<group>"; };
		9B2C2CF8196C992000D1B241 /* fetchInvalidFriends.json */ = {isa = PBXFileReference; fileEncoding = 4; lastKnownFileType = text.json; path = fetchInvalidFriends.json; sourceTree = "<group>"; };
		9B2C2D04196ED75400D1B241 /* NSArray+VENCore.h */ = {isa = PBXFileReference; fileEncoding = 4; lastKnownFileType = sourcecode.c.h; name = "NSArray+VENCore.h"; path = "Categories/NSArray+VENCore.h"; sourceTree = "<group>"; };
		9B2C2D05196ED75400D1B241 /* NSArray+VENCore.m */ = {isa = PBXFileReference; fileEncoding = 4; lastKnownFileType = sourcecode.c.objc; name = "NSArray+VENCore.m"; path = "Categories/NSArray+VENCore.m"; sourceTree = "<group>"; };
		9B2C2D08196EDC3000D1B241 /* NSArray+VENCoreSpec.m */ = {isa = PBXFileReference; fileEncoding = 4; lastKnownFileType = sourcecode.c.objc; name = "NSArray+VENCoreSpec.m"; path = "Categories/NSArray+VENCoreSpec.m"; sourceTree = "<group>"; };
		9BF60702196C333000F163E5 /* fetchFriends.json */ = {isa = PBXFileReference; fileEncoding = 4; lastKnownFileType = text.json; path = fetchFriends.json; sourceTree = "<group>"; };
		C24E595318F84C67009670F7 /* VENTransaction.h */ = {isa = PBXFileReference; fileEncoding = 4; lastKnownFileType = sourcecode.c.h; path = VENTransaction.h; sourceTree = "<group>"; };
		C24E595418F84C67009670F7 /* VENTransaction.m */ = {isa = PBXFileReference; fileEncoding = 4; lastKnownFileType = sourcecode.c.objc; path = VENTransaction.m; sourceTree = "<group>"; };
		C24E595618F84C67009670F7 /* VENUser.h */ = {isa = PBXFileReference; fileEncoding = 4; lastKnownFileType = sourcecode.c.h; path = VENUser.h; sourceTree = "<group>"; };
		C24E595718F84C67009670F7 /* VENUser.m */ = {isa = PBXFileReference; fileEncoding = 4; lastKnownFileType = sourcecode.c.objc; path = VENUser.m; sourceTree = "<group>"; };
		C24E595E18F87FF2009670F7 /* VENMutableUserSpec.m */ = {isa = PBXFileReference; fileEncoding = 4; lastKnownFileType = sourcecode.c.objc; path = VENMutableUserSpec.m; sourceTree = "<group>"; };
		C24E596018F885D7009670F7 /* VENUserPayloadKeys.h */ = {isa = PBXFileReference; lastKnownFileType = sourcecode.c.h; path = VENUserPayloadKeys.h; sourceTree = "<group>"; };
		C7E44DFA452C19C728D6C2C4 /* Pods-VENCoreUnitTests.debug.xcconfig */ = {isa = PBXFileReference; includeInIndex = 1; lastKnownFileType = text.xcconfig; name = "Pods-VENCoreUnitTests.debug.xcconfig"; path = "Pods/Target Support Files/Pods-VENCoreUnitTests/Pods-VENCoreUnitTests.debug.xcconfig"; sourceTree = "<group>"; };
		EB00DB341906E647001836A8 /* VENCoreIntegrationTests.xctest */ = {isa = PBXFileReference; explicitFileType = wrapper.cfbundle; includeInIndex = 0; path = VENCoreIntegrationTests.xctest; sourceTree = BUILT_PRODUCTS_DIR; };
		EB00DB3A1906E647001836A8 /* VENCoreIntegrationTests-Info.plist */ = {isa = PBXFileReference; lastKnownFileType = text.plist.xml; path = "VENCoreIntegrationTests-Info.plist"; sourceTree = "<group>"; };
		EB00DB3C1906E647001836A8 /* en */ = {isa = PBXFileReference; lastKnownFileType = text.plist.strings; name = en; path = en.lproj/InfoPlist.strings; sourceTree = "<group>"; };
		EB00DB3E1906E647001836A8 /* PaymentSandboxSpec.m */ = {isa = PBXFileReference; lastKnownFileType = sourcecode.c.objc; path = PaymentSandboxSpec.m; sourceTree = "<group>"; };
		EB00DB401906E647001836A8 /* VENCoreIntegrationTests-Prefix.pch */ = {isa = PBXFileReference; lastKnownFileType = sourcecode.c.h; path = "VENCoreIntegrationTests-Prefix.pch"; sourceTree = "<group>"; };
		EB34431219071EA200B7791E /* paymentToUser.json */ = {isa = PBXFileReference; fileEncoding = 4; lastKnownFileType = text.json; name = paymentToUser.json; path = API/payments/paymentToUser.json; sourceTree = "<group>"; };
		EB418B9618EB0DA30003CBF5 /* VENTransactionSpec.m */ = {isa = PBXFileReference; fileEncoding = 4; lastKnownFileType = sourcecode.c.objc; path = VENTransactionSpec.m; sourceTree = "<group>"; };
		EB418B9918EB0DD20003CBF5 /* NSError+VENCoreSpec.m */ = {isa = PBXFileReference; fileEncoding = 4; lastKnownFileType = sourcecode.c.objc; name = "NSError+VENCoreSpec.m"; path = "Categories/NSError+VENCoreSpec.m"; sourceTree = "<group>"; };
		EB418B9B18EB0E060003CBF5 /* NSDictionary+VENCore.h */ = {isa = PBXFileReference; fileEncoding = 4; lastKnownFileType = sourcecode.c.h; name = "NSDictionary+VENCore.h"; path = "Categories/NSDictionary+VENCore.h"; sourceTree = "<group>"; };
		EB418B9C18EB0E060003CBF5 /* NSDictionary+VENCore.m */ = {isa = PBXFileReference; fileEncoding = 4; lastKnownFileType = sourcecode.c.objc; name = "NSDictionary+VENCore.m"; path = "Categories/NSDictionary+VENCore.m"; sourceTree = "<group>"; };
		EB418B9E18EB0E1B0003CBF5 /* NSDictionary+VENCoreSpec.m */ = {isa = PBXFileReference; fileEncoding = 4; lastKnownFileType = sourcecode.c.objc; name = "NSDictionary+VENCoreSpec.m"; path = "Categories/NSDictionary+VENCoreSpec.m"; sourceTree = "<group>"; };
		EB427E5218F844910070EDD9 /* paymentToEmail.json */ = {isa = PBXFileReference; fileEncoding = 4; lastKnownFileType = text.json; name = paymentToEmail.json; path = api/payments/paymentToEmail.json; sourceTree = "<group>"; };
		EB427E5618F8451B0070EDD9 /* VENTestUtilities.h */ = {isa = PBXFileReference; fileEncoding = 4; lastKnownFileType = sourcecode.c.h; name = VENTestUtilities.h; path = Utilities/VENTestUtilities.h; sourceTree = "<group>"; };
		EB427E5718F8451B0070EDD9 /* VENTestUtilities.m */ = {isa = PBXFileReference; fileEncoding = 4; lastKnownFileType = sourcecode.c.objc; name = VENTestUtilities.m; path = Utilities/VENTestUtilities.m; sourceTree = "<group>"; };
		EB58F97C18F75B25008A6914 /* VENMutableTransactionSpec.m */ = {isa = PBXFileReference; fileEncoding = 4; lastKnownFileType = sourcecode.c.objc; path = VENMutableTransactionSpec.m; sourceTree = "<group>"; };
		EB6A5AD91906FC44003C067E /* VENUserIntegrationSpec.m */ = {isa = PBXFileReference; fileEncoding = 4; lastKnownFileType = sourcecode.c.objc; path = VENUserIntegrationSpec.m; sourceTree = "<group>"; };
		EB74B2BD18E9FD7B00838A9D /* VENHTTP.h */ = {isa = PBXFileReference; fileEncoding = 4; lastKnownFileType = sourcecode.c.h; name = VENHTTP.h; path = Networking/VENHTTP.h; sourceTree = "<group>"; };
		EB74B2BE18E9FD7B00838A9D /* VENHTTP.m */ = {isa = PBXFileReference; fileEncoding = 4; lastKnownFileType = sourcecode.c.objc; name = VENHTTP.m; path = Networking/VENHTTP.m; sourceTree = "<group>"; };
		EB9BF00718EA83B500416645 /* VENUserSpec.m */ = {isa = PBXFileReference; fileEncoding = 4; lastKnownFileType = sourcecode.c.objc; path = VENUserSpec.m; sourceTree = "<group>"; };
		EBA57C5018FC362000D39D0F /* invalidAccessTokenError.json */ = {isa = PBXFileReference; fileEncoding = 4; lastKnownFileType = text.json; name = invalidAccessTokenError.json; path = api/errors/invalidAccessTokenError.json; sourceTree = "<group>"; };
		EBA57C5118FC362000D39D0F /* invalidAmountError.json */ = {isa = PBXFileReference; fileEncoding = 4; lastKnownFileType = text.json; name = invalidAmountError.json; path = api/errors/invalidAmountError.json; sourceTree = "<group>"; };
		EBA57C5218FC362000D39D0F /* invalidAudienceError.json */ = {isa = PBXFileReference; fileEncoding = 4; lastKnownFileType = text.json; name = invalidAudienceError.json; path = api/errors/invalidAudienceError.json; sourceTree = "<group>"; };
		EBB8E3AF18FD86AB00A22C6B /* VENTransactionTarget.h */ = {isa = PBXFileReference; fileEncoding = 4; lastKnownFileType = sourcecode.c.h; path = VENTransactionTarget.h; sourceTree = "<group>"; };
		EBB8E3B018FD86AB00A22C6B /* VENTransactionTarget.m */ = {isa = PBXFileReference; fileEncoding = 4; lastKnownFileType = sourcecode.c.objc; path = VENTransactionTarget.m; sourceTree = "<group>"; };
		EBB8E3B218FDA4BB00A22C6B /* VENTransactionTargetSpec.m */ = {isa = PBXFileReference; fileEncoding = 4; lastKnownFileType = sourcecode.c.objc; path = VENTransactionTargetSpec.m; sourceTree = "<group>"; };
		EBB8E3BD18FDB05400A22C6B /* NSString+VENCoreSpec.m */ = {isa = PBXFileReference; fileEncoding = 4; lastKnownFileType = sourcecode.c.objc; name = "NSString+VENCoreSpec.m"; path = "Categories/NSString+VENCoreSpec.m"; sourceTree = "<group>"; };
		EBB8E3BF18FDDB6300A22C6B /* NSString+VENCore.h */ = {isa = PBXFileReference; fileEncoding = 4; lastKnownFileType = sourcecode.c.h; name = "NSString+VENCore.h"; path = "Categories/NSString+VENCore.h"; sourceTree = "<group>"; };
		EBB8E3C018FDDB6300A22C6B /* NSString+VENCore.m */ = {isa = PBXFileReference; fileEncoding = 4; lastKnownFileType = sourcecode.c.objc; name = "NSString+VENCore.m"; path = "Categories/NSString+VENCore.m"; sourceTree = "<group>"; };
		EBBE7E0618EA017700E47338 /* VENHTTPResponse.h */ = {isa = PBXFileReference; fileEncoding = 4; lastKnownFileType = sourcecode.c.h; name = VENHTTPResponse.h; path = Networking/VENHTTPResponse.h; sourceTree = "<group>"; };
		EBBE7E0718EA017700E47338 /* VENHTTPResponse.m */ = {isa = PBXFileReference; fileEncoding = 4; lastKnownFileType = sourcecode.c.objc; name = VENHTTPResponse.m; path = Networking/VENHTTPResponse.m; sourceTree = "<group>"; };
		EBBE7E0918EA020500E47338 /* VENHTTPSpec.m */ = {isa = PBXFileReference; fileEncoding = 4; lastKnownFileType = sourcecode.c.objc; name = VENHTTPSpec.m; path = Networking/VENHTTPSpec.m; sourceTree = "<group>"; };
		EBBE7E0C18EA022300E47338 /* VENHTTPResponseSpec.m */ = {isa = PBXFileReference; fileEncoding = 4; lastKnownFileType = sourcecode.c.objc; name = VENHTTPResponseSpec.m; path = Networking/VENHTTPResponseSpec.m; sourceTree = "<group>"; };
		EBBE7E1818EA2D7600E47338 /* VENCoreUnitTests-Prefix.pch */ = {isa = PBXFileReference; fileEncoding = 4; lastKnownFileType = sourcecode.c.h; path = "VENCoreUnitTests-Prefix.pch"; sourceTree = "<group>"; };
		EBCB247718E9FBAF00807472 /* Foundation.framework */ = {isa = PBXFileReference; lastKnownFileType = wrapper.framework; name = Foundation.framework; path = System/Library/Frameworks/Foundation.framework; sourceTree = SDKROOT; };
		EBCB247B18E9FBAF00807472 /* VENCore-Prefix.pch */ = {isa = PBXFileReference; lastKnownFileType = sourcecode.c.h; path = "VENCore-Prefix.pch"; sourceTree = "<group>"; };
		EBCB247C18E9FBAF00807472 /* VENCore.h */ = {isa = PBXFileReference; lastKnownFileType = sourcecode.c.h; path = VENCore.h; sourceTree = "<group>"; };
		EBCB247E18E9FBAF00807472 /* VENCore.m */ = {isa = PBXFileReference; lastKnownFileType = sourcecode.c.objc; path = VENCore.m; sourceTree = "<group>"; };
		EBCB248418E9FBAF00807472 /* VENCoreUnitTests.xctest */ = {isa = PBXFileReference; explicitFileType = wrapper.cfbundle; includeInIndex = 0; path = VENCoreUnitTests.xctest; sourceTree = BUILT_PRODUCTS_DIR; };
		EBCB248518E9FBAF00807472 /* XCTest.framework */ = {isa = PBXFileReference; lastKnownFileType = wrapper.framework; name = XCTest.framework; path = Library/Frameworks/XCTest.framework; sourceTree = DEVELOPER_DIR; };
		EBCB248818E9FBAF00807472 /* UIKit.framework */ = {isa = PBXFileReference; lastKnownFileType = wrapper.framework; name = UIKit.framework; path = Library/Frameworks/UIKit.framework; sourceTree = DEVELOPER_DIR; };
		EBCB248F18E9FBAF00807472 /* VENCoreUnitTests-Info.plist */ = {isa = PBXFileReference; lastKnownFileType = text.plist.xml; path = "VENCoreUnitTests-Info.plist"; sourceTree = "<group>"; };
		EBCB249118E9FBAF00807472 /* en */ = {isa = PBXFileReference; lastKnownFileType = text.plist.strings; name = en; path = en.lproj/InfoPlist.strings; sourceTree = "<group>"; };
		EBCB249318E9FBAF00807472 /* VENCoreSpec.m */ = {isa = PBXFileReference; lastKnownFileType = sourcecode.c.objc; path = VENCoreSpec.m; sourceTree = "<group>"; };
		EBF84D2818EA5ADE00C0E077 /* NSError+VENCore.h */ = {isa = PBXFileReference; fileEncoding = 4; lastKnownFileType = sourcecode.c.h; name = "NSError+VENCore.h"; path = "Categories/NSError+VENCore.h"; sourceTree = "<group>"; };
		EBF84D2918EA5ADE00C0E077 /* NSError+VENCore.m */ = {isa = PBXFileReference; fileEncoding = 4; lastKnownFileType = sourcecode.c.objc; name = "NSError+VENCore.m"; path = "Categories/NSError+VENCore.m"; sourceTree = "<group>"; };
		EBFB2F8E18F7228600612BD8 /* UIDevice+VENCore.h */ = {isa = PBXFileReference; fileEncoding = 4; lastKnownFileType = sourcecode.c.h; name = "UIDevice+VENCore.h"; path = "Categories/UIDevice+VENCore.h"; sourceTree = "<group>"; };
		EBFB2F8F18F7228600612BD8 /* UIDevice+VENCore.m */ = {isa = PBXFileReference; fileEncoding = 4; lastKnownFileType = sourcecode.c.objc; name = "UIDevice+VENCore.m"; path = "Categories/UIDevice+VENCore.m"; sourceTree = "<group>"; };
		EF643FCE58843C971E188591 /* Pods-VENCoreIntegrationTests.debug.xcconfig */ = {isa = PBXFileReference; includeInIndex = 1; lastKnownFileType = text.xcconfig; name = "Pods-VENCoreIntegrationTests.debug.xcconfig"; path = "Pods/Target Support Files/Pods-VENCoreIntegrationTests/Pods-VENCoreIntegrationTests.debug.xcconfig"; sourceTree = "<group>"; };
/* End PBXFileReference section */

/* Begin PBXFrameworksBuildPhase section */
		26B268621B18BBD000D82815 /* Frameworks */ = {
			isa = PBXFrameworksBuildPhase;
			buildActionMask = 2147483647;
			files = (
				26B268991B18BF3600D82815 /* Foundation.framework in Frameworks */,
				26B2689C1B18BF4F00D82815 /* CMDQueryStringSerialization.framework in Frameworks */,
				26B2689D1B18BF4F00D82815 /* ISO8601.framework in Frameworks */,
			);
			runOnlyForDeploymentPostprocessing = 0;
		};
		EB00DB311906E647001836A8 /* Frameworks */ = {
			isa = PBXFrameworksBuildPhase;
			buildActionMask = 2147483647;
			files = (
				26B2689F1B18BF6C00D82815 /* VENCore.framework in Frameworks */,
				EB00DB351906E647001836A8 /* XCTest.framework in Frameworks */,
				EB00DB371906E647001836A8 /* UIKit.framework in Frameworks */,
				EB00DB361906E647001836A8 /* Foundation.framework in Frameworks */,
				E7036D292F36B415B3EEF06E /* libPods-VENCoreIntegrationTests.a in Frameworks */,
			);
			runOnlyForDeploymentPostprocessing = 0;
		};
		EBCB248118E9FBAF00807472 /* Frameworks */ = {
			isa = PBXFrameworksBuildPhase;
			buildActionMask = 2147483647;
			files = (
				26B268B31B18D7D100D82815 /* VENCore.framework in Frameworks */,
				EBCB248618E9FBAF00807472 /* XCTest.framework in Frameworks */,
				EBCB248918E9FBAF00807472 /* UIKit.framework in Frameworks */,
				EBCB248718E9FBAF00807472 /* Foundation.framework in Frameworks */,
				D450CEA3D926ED3910030FF7 /* libPods-VENCoreUnitTests.a in Frameworks */,
			);
			runOnlyForDeploymentPostprocessing = 0;
		};
/* End PBXFrameworksBuildPhase section */

/* Begin PBXGroup section */
		4796D61118FC4B3E001461B1 /* Models */ = {
			isa = PBXGroup;
			children = (
				4796D61A18FC4B6D001461B1 /* Transactions */,
				4796D61D18FC4B6D001461B1 /* Users */,
			);
			path = Models;
			sourceTree = "<group>";
		};
		4796D61A18FC4B6D001461B1 /* Transactions */ = {
			isa = PBXGroup;
			children = (
				EBB8E3B218FDA4BB00A22C6B /* VENTransactionTargetSpec.m */,
				4796D61C18FC4B6D001461B1 /* VENTransactionSpec.m */,
				3AE56FF11908A0610054B7EF /* VENCreateTransactionRequestSpec.m */,
			);
			path = Transactions;
			sourceTree = "<group>";
		};
		4796D61D18FC4B6D001461B1 /* Users */ = {
			isa = PBXGroup;
			children = (
				4796D61F18FC4B6D001461B1 /* VENUserSpec.m */,
			);
			path = Users;
			sourceTree = "<group>";
		};
		47BD36DE18FDBA4500DE4554 /* users */ = {
			isa = PBXGroup;
			children = (
				4796A38618FDD4C6005CABA6 /* fetchInvalidUser.json */,
				9B2C2CF8196C992000D1B241 /* fetchInvalidFriends.json */,
				47BD36DF18FDBA4500DE4554 /* fetchChrisUser.json */,
				9BF60702196C333000F163E5 /* fetchFriends.json */,
			);
			name = users;
			path = API/users;
			sourceTree = "<group>";
		};
		B34C6A89122BC54ED955F88C /* Pods */ = {
			isa = PBXGroup;
			children = (
				EF643FCE58843C971E188591 /* Pods-VENCoreIntegrationTests.debug.xcconfig */,
				87B03D9C492190709B42F7BA /* Pods-VENCoreIntegrationTests.release.xcconfig */,
				C7E44DFA452C19C728D6C2C4 /* Pods-VENCoreUnitTests.debug.xcconfig */,
				63707C766B9FEEAAACE06408 /* Pods-VENCoreUnitTests.release.xcconfig */,
			);
			name = Pods;
			sourceTree = "<group>";
		};
		C24E594F18F84C67009670F7 /* Models */ = {
			isa = PBXGroup;
			children = (
				C24E595018F84C67009670F7 /* Transactions */,
				C24E595518F84C67009670F7 /* Users */,
			);
			path = Models;
			sourceTree = "<group>";
		};
		C24E595018F84C67009670F7 /* Transactions */ = {
			isa = PBXGroup;
			children = (
				3AE56FEE190871DF0054B7EF /* VENCreateTransactionRequest.h */,
				3AE56FEF190871DF0054B7EF /* VENCreateTransactionRequest.m */,
				C24E595318F84C67009670F7 /* VENTransaction.h */,
				C24E595418F84C67009670F7 /* VENTransaction.m */,
				EBB8E3AF18FD86AB00A22C6B /* VENTransactionTarget.h */,
				EBB8E3B018FD86AB00A22C6B /* VENTransactionTarget.m */,
				47136D3A18FF001F00AD63CD /* VENTransactionPayloadKeys.h */,
			);
			path = Transactions;
			sourceTree = "<group>";
		};
		C24E595518F84C67009670F7 /* Users */ = {
			isa = PBXGroup;
			children = (
				C24E595618F84C67009670F7 /* VENUser.h */,
				C24E595718F84C67009670F7 /* VENUser.m */,
				C24E596018F885D7009670F7 /* VENUserPayloadKeys.h */,
			);
			path = Users;
			sourceTree = "<group>";
		};
		EB00DB381906E647001836A8 /* VENCoreIntegrationTests */ = {
			isa = PBXGroup;
			children = (
				EB00DB3E1906E647001836A8 /* PaymentSandboxSpec.m */,
				EB6A5AD91906FC44003C067E /* VENUserIntegrationSpec.m */,
				EB00DB391906E647001836A8 /* Supporting Files */,
			);
			path = VENCoreIntegrationTests;
			sourceTree = "<group>";
		};
		EB00DB391906E647001836A8 /* Supporting Files */ = {
			isa = PBXGroup;
			children = (
				EB00DB3A1906E647001836A8 /* VENCoreIntegrationTests-Info.plist */,
				EB00DB3B1906E647001836A8 /* InfoPlist.strings */,
				EB00DB401906E647001836A8 /* VENCoreIntegrationTests-Prefix.pch */,
			);
			name = "Supporting Files";
			sourceTree = "<group>";
		};
		EB418B9818EB0DAC0003CBF5 /* Categories */ = {
			isa = PBXGroup;
			children = (
				EB418B9918EB0DD20003CBF5 /* NSError+VENCoreSpec.m */,
				EB418B9E18EB0E1B0003CBF5 /* NSDictionary+VENCoreSpec.m */,
				9B2C2D08196EDC3000D1B241 /* NSArray+VENCoreSpec.m */,
				EBB8E3BD18FDB05400A22C6B /* NSString+VENCoreSpec.m */,
				EBBE7E1118EA089200E47338 /* Models */,
			);
			name = Categories;
			sourceTree = "<group>";
		};
		EB427E5118F8447D0070EDD9 /* API */ = {
			isa = PBXGroup;
			children = (
				EBA57C4F18FC361400D39D0F /* errors */,
				EBA57C4E18FC360600D39D0F /* payments */,
				47BD36DE18FDBA4500DE4554 /* users */,
			);
			name = API;
			sourceTree = "<group>";
		};
		EB427E5B18F845250070EDD9 /* Utilities */ = {
			isa = PBXGroup;
			children = (
				EB427E5618F8451B0070EDD9 /* VENTestUtilities.h */,
				EB427E5718F8451B0070EDD9 /* VENTestUtilities.m */,
			);
			name = Utilities;
			sourceTree = "<group>";
		};
		EB74B2BC18E9FD4200838A9D /* Networking */ = {
			isa = PBXGroup;
			children = (
				EB74B2BD18E9FD7B00838A9D /* VENHTTP.h */,
				EB74B2BE18E9FD7B00838A9D /* VENHTTP.m */,
				EBBE7E0618EA017700E47338 /* VENHTTPResponse.h */,
				EBBE7E0718EA017700E47338 /* VENHTTPResponse.m */,
			);
			name = Networking;
			sourceTree = "<group>";
		};
		EBA57C4E18FC360600D39D0F /* payments */ = {
			isa = PBXGroup;
			children = (
				EB34431219071EA200B7791E /* paymentToUser.json */,
				EB427E5218F844910070EDD9 /* paymentToEmail.json */,
			);
			name = payments;
			sourceTree = "<group>";
		};
		EBA57C4F18FC361400D39D0F /* errors */ = {
			isa = PBXGroup;
			children = (
				EBA57C5018FC362000D39D0F /* invalidAccessTokenError.json */,
				EBA57C5118FC362000D39D0F /* invalidAmountError.json */,
				EBA57C5218FC362000D39D0F /* invalidAudienceError.json */,
			);
			name = errors;
			sourceTree = "<group>";
		};
		EBBE7E0B18EA020C00E47338 /* Networking */ = {
			isa = PBXGroup;
			children = (
				EBBE7E0918EA020500E47338 /* VENHTTPSpec.m */,
				EBBE7E0C18EA022300E47338 /* VENHTTPResponseSpec.m */,
			);
			name = Networking;
			sourceTree = "<group>";
		};
		EBBE7E1118EA089200E47338 /* Models */ = {
			isa = PBXGroup;
			children = (
				EB9BF00718EA83B500416645 /* VENUserSpec.m */,
				C24E595E18F87FF2009670F7 /* VENMutableUserSpec.m */,
				EB418B9618EB0DA30003CBF5 /* VENTransactionSpec.m */,
				EB58F97C18F75B25008A6914 /* VENMutableTransactionSpec.m */,
			);
			path = Models;
			sourceTree = "<group>";
		};
		EBCB246B18E9FBAF00807472 = {
			isa = PBXGroup;
			children = (
				EBCB247918E9FBAF00807472 /* VENCore */,
				EBCB248D18E9FBAF00807472 /* VENCoreUnitTests */,
				EB00DB381906E647001836A8 /* VENCoreIntegrationTests */,
				EBCB247618E9FBAF00807472 /* Frameworks */,
				EBCB247518E9FBAF00807472 /* Products */,
				B34C6A89122BC54ED955F88C /* Pods */,
			);
			sourceTree = "<group>";
		};
		EBCB247518E9FBAF00807472 /* Products */ = {
			isa = PBXGroup;
			children = (
				EBCB248418E9FBAF00807472 /* VENCoreUnitTests.xctest */,
				EB00DB341906E647001836A8 /* VENCoreIntegrationTests.xctest */,
				26B268661B18BBD000D82815 /* VENCore.framework */,
			);
			name = Products;
			sourceTree = "<group>";
		};
		EBCB247618E9FBAF00807472 /* Frameworks */ = {
			isa = PBXGroup;
			children = (
				26B2689A1B18BF4F00D82815 /* CMDQueryStringSerialization.framework */,
				26B2689B1B18BF4F00D82815 /* ISO8601.framework */,
				EBCB247718E9FBAF00807472 /* Foundation.framework */,
				EBCB248518E9FBAF00807472 /* XCTest.framework */,
				EBCB248818E9FBAF00807472 /* UIKit.framework */,
				6945187FEE234B1B8F6814F6 /* libPods-VENCoreIntegrationTests.a */,
				15088C9D7EAF6B7EA4373B26 /* libPods-VENCoreUnitTests.a */,
			);
			name = Frameworks;
			sourceTree = "<group>";
		};
		EBCB247918E9FBAF00807472 /* VENCore */ = {
			isa = PBXGroup;
			children = (
				EBF84D2B18EA5AE900C0E077 /* Categories */,
				C24E594F18F84C67009670F7 /* Models */,
				EB74B2BC18E9FD4200838A9D /* Networking */,
				EBCB247C18E9FBAF00807472 /* VENCore.h */,
				EBCB247E18E9FBAF00807472 /* VENCore.m */,
				EBCB247A18E9FBAF00807472 /* Supporting Files */,
			);
			path = VENCore;
			sourceTree = "<group>";
		};
		EBCB247A18E9FBAF00807472 /* Supporting Files */ = {
			isa = PBXGroup;
			children = (
				26B268691B18BBD100D82815 /* Info.plist */,
				EBCB247B18E9FBAF00807472 /* VENCore-Prefix.pch */,
			);
			name = "Supporting Files";
			sourceTree = "<group>";
		};
		EBCB248D18E9FBAF00807472 /* VENCoreUnitTests */ = {
			isa = PBXGroup;
			children = (
				EB427E5118F8447D0070EDD9 /* API */,
				EB418B9818EB0DAC0003CBF5 /* Categories */,
				4796D61118FC4B3E001461B1 /* Models */,
				EBBE7E0B18EA020C00E47338 /* Networking */,
				EB427E5B18F845250070EDD9 /* Utilities */,
				EBCB249318E9FBAF00807472 /* VENCoreSpec.m */,
				EBCB248E18E9FBAF00807472 /* Supporting Files */,
			);
			path = VENCoreUnitTests;
			sourceTree = "<group>";
		};
		EBCB248E18E9FBAF00807472 /* Supporting Files */ = {
			isa = PBXGroup;
			children = (
				EBCB248F18E9FBAF00807472 /* VENCoreUnitTests-Info.plist */,
				EBCB249018E9FBAF00807472 /* InfoPlist.strings */,
				EBBE7E1818EA2D7600E47338 /* VENCoreUnitTests-Prefix.pch */,
			);
			name = "Supporting Files";
			sourceTree = "<group>";
		};
		EBF84D2B18EA5AE900C0E077 /* Categories */ = {
			isa = PBXGroup;
			children = (
				EBB8E3BF18FDDB6300A22C6B /* NSString+VENCore.h */,
				EBB8E3C018FDDB6300A22C6B /* NSString+VENCore.m */,
				EB418B9B18EB0E060003CBF5 /* NSDictionary+VENCore.h */,
				EB418B9C18EB0E060003CBF5 /* NSDictionary+VENCore.m */,
				9B2C2D04196ED75400D1B241 /* NSArray+VENCore.h */,
				9B2C2D05196ED75400D1B241 /* NSArray+VENCore.m */,
				EBF84D2818EA5ADE00C0E077 /* NSError+VENCore.h */,
				EBF84D2918EA5ADE00C0E077 /* NSError+VENCore.m */,
				EBFB2F8E18F7228600612BD8 /* UIDevice+VENCore.h */,
				EBFB2F8F18F7228600612BD8 /* UIDevice+VENCore.m */,
			);
			name = Categories;
			sourceTree = "<group>";
		};
/* End PBXGroup section */

/* Begin PBXHeadersBuildPhase section */
		26B268631B18BBD000D82815 /* Headers */ = {
			isa = PBXHeadersBuildPhase;
			buildActionMask = 2147483647;
			files = (
				26B268931B18BEFC00D82815 /* VENHTTP.h in Headers */,
				26B268971B18BEFC00D82815 /* VENCore.h in Headers */,
				26B268811B18BEF100D82815 /* NSDictionary+VENCore.h in Headers */,
				26B268901B18BEF800D82815 /* VENUser.h in Headers */,
				26B2688B1B18BEF500D82815 /* VENTransaction.h in Headers */,
				26B2688D1B18BEF500D82815 /* VENTransactionTarget.h in Headers */,
				26B268921B18BEF800D82815 /* VENUserPayloadKeys.h in Headers */,
				26B2687F1B18BEF100D82815 /* NSString+VENCore.h in Headers */,
				26B268831B18BEF100D82815 /* NSArray+VENCore.h in Headers */,
				26B268891B18BEF500D82815 /* VENCreateTransactionRequest.h in Headers */,
				26B268871B18BEF100D82815 /* UIDevice+VENCore.h in Headers */,
				26B2688F1B18BEF500D82815 /* VENTransactionPayloadKeys.h in Headers */,
				26B268951B18BEFC00D82815 /* VENHTTPResponse.h in Headers */,
				26B268851B18BEF100D82815 /* NSError+VENCore.h in Headers */,
			);
			runOnlyForDeploymentPostprocessing = 0;
		};
/* End PBXHeadersBuildPhase section */

/* Begin PBXNativeTarget section */
		26B268651B18BBD000D82815 /* VENCore */ = {
			isa = PBXNativeTarget;
			buildConfigurationList = 26B268791B18BBD100D82815 /* Build configuration list for PBXNativeTarget "VENCore" */;
			buildPhases = (
				26B268611B18BBD000D82815 /* Sources */,
				26B268621B18BBD000D82815 /* Frameworks */,
				26B268631B18BBD000D82815 /* Headers */,
				26B268641B18BBD000D82815 /* Resources */,
				26B268B41B18D8A500D82815 /* CopyFiles */,
			);
			buildRules = (
			);
			dependencies = (
			);
			name = VENCore;
			productName = VENCore;
			productReference = 26B268661B18BBD000D82815 /* VENCore.framework */;
			productType = "com.apple.product-type.framework";
		};
		EB00DB331906E647001836A8 /* VENCoreIntegrationTests */ = {
			isa = PBXNativeTarget;
			buildConfigurationList = EB00DB451906E647001836A8 /* Build configuration list for PBXNativeTarget "VENCoreIntegrationTests" */;
			buildPhases = (
				FD3E7F7F40084A86A6988781 /* Check Pods Manifest.lock */,
				EB00DB301906E647001836A8 /* Sources */,
				EB00DB311906E647001836A8 /* Frameworks */,
				EB00DB321906E647001836A8 /* Resources */,
				67107794CFD9B6E4BD9567F0 /* Copy Pods Resources */,
			);
			buildRules = (
			);
			dependencies = (
				26B268A31B18BFF300D82815 /* PBXTargetDependency */,
			);
			name = VENCoreIntegrationTests;
			productName = VENCoreIntegrationTests;
			productReference = EB00DB341906E647001836A8 /* VENCoreIntegrationTests.xctest */;
			productType = "com.apple.product-type.bundle.unit-test";
		};
		EBCB248318E9FBAF00807472 /* VENCoreUnitTests */ = {
			isa = PBXNativeTarget;
			buildConfigurationList = EBCB249A18E9FBAF00807472 /* Build configuration list for PBXNativeTarget "VENCoreUnitTests" */;
			buildPhases = (
				6C02AECC9DE66670A79DBB6D /* Check Pods Manifest.lock */,
				EBCB248018E9FBAF00807472 /* Sources */,
				EBCB248118E9FBAF00807472 /* Frameworks */,
				EBCB248218E9FBAF00807472 /* Resources */,
				BC37B750BF400E77C674E594 /* Copy Pods Resources */,
				26B268AE1B18D78300D82815 /* CopyFiles */,
			);
			buildRules = (
			);
			dependencies = (
				26B268A11B18BFF100D82815 /* PBXTargetDependency */,
			);
			name = VENCoreUnitTests;
			productName = VENCoreTests;
			productReference = EBCB248418E9FBAF00807472 /* VENCoreUnitTests.xctest */;
			productType = "com.apple.product-type.bundle.unit-test";
		};
/* End PBXNativeTarget section */

/* Begin PBXProject section */
		EBCB246C18E9FBAF00807472 /* Project object */ = {
			isa = PBXProject;
			attributes = {
				CLASSPREFIX = VEN;
				LastUpgradeCheck = 0510;
				ORGANIZATIONNAME = Venmo;
				TargetAttributes = {
					26B268651B18BBD000D82815 = {
						CreatedOnToolsVersion = 6.3.2;
					};
					EB00DB331906E647001836A8 = {
						TestTargetID = EBCB247318E9FBAF00807472;
					};
				};
			};
			buildConfigurationList = EBCB246F18E9FBAF00807472 /* Build configuration list for PBXProject "VENCore" */;
			compatibilityVersion = "Xcode 6.3";
			developmentRegion = English;
			hasScannedForEncodings = 0;
			knownRegions = (
				en,
			);
			mainGroup = EBCB246B18E9FBAF00807472;
			productRefGroup = EBCB247518E9FBAF00807472 /* Products */;
			projectDirPath = "";
			projectRoot = "";
			targets = (
				26B268651B18BBD000D82815 /* VENCore */,
				EBCB248318E9FBAF00807472 /* VENCoreUnitTests */,
				EB00DB331906E647001836A8 /* VENCoreIntegrationTests */,
			);
		};
/* End PBXProject section */

/* Begin PBXResourcesBuildPhase section */
		26B268641B18BBD000D82815 /* Resources */ = {
			isa = PBXResourcesBuildPhase;
			buildActionMask = 2147483647;
			files = (
			);
			runOnlyForDeploymentPostprocessing = 0;
		};
		EB00DB321906E647001836A8 /* Resources */ = {
			isa = PBXResourcesBuildPhase;
			buildActionMask = 2147483647;
			files = (
				EB00DB3D1906E647001836A8 /* InfoPlist.strings in Resources */,
			);
			runOnlyForDeploymentPostprocessing = 0;
		};
		EBCB248218E9FBAF00807472 /* Resources */ = {
			isa = PBXResourcesBuildPhase;
			buildActionMask = 2147483647;
			files = (
				EBA57C5418FC362000D39D0F /* invalidAmountError.json in Resources */,
				EBA57C5318FC362000D39D0F /* invalidAccessTokenError.json in Resources */,
				EB34431319071EA200B7791E /* paymentToUser.json in Resources */,
				4796A38718FDD4C6005CABA6 /* fetchInvalidUser.json in Resources */,
				9BF60703196C333000F163E5 /* fetchFriends.json in Resources */,
				EB427E5318F844910070EDD9 /* paymentToEmail.json in Resources */,
				EBCB249218E9FBAF00807472 /* InfoPlist.strings in Resources */,
				EBA57C5518FC362000D39D0F /* invalidAudienceError.json in Resources */,
				9B2C2CF9196C992000D1B241 /* fetchInvalidFriends.json in Resources */,
				47BD36E018FDBA4500DE4554 /* fetchChrisUser.json in Resources */,
			);
			runOnlyForDeploymentPostprocessing = 0;
		};
/* End PBXResourcesBuildPhase section */

/* Begin PBXShellScriptBuildPhase section */
		67107794CFD9B6E4BD9567F0 /* Copy Pods Resources */ = {
			isa = PBXShellScriptBuildPhase;
			buildActionMask = 2147483647;
			files = (
			);
			inputPaths = (
			);
			name = "Copy Pods Resources";
			outputPaths = (
			);
			runOnlyForDeploymentPostprocessing = 0;
			shellPath = /bin/sh;
			shellScript = "\"${SRCROOT}/Pods/Target Support Files/Pods-VENCoreIntegrationTests/Pods-VENCoreIntegrationTests-resources.sh\"\n";
			showEnvVarsInLog = 0;
		};
		6C02AECC9DE66670A79DBB6D /* Check Pods Manifest.lock */ = {
			isa = PBXShellScriptBuildPhase;
			buildActionMask = 2147483647;
			files = (
			);
			inputPaths = (
			);
			name = "Check Pods Manifest.lock";
			outputPaths = (
			);
			runOnlyForDeploymentPostprocessing = 0;
			shellPath = /bin/sh;
			shellScript = "diff \"${PODS_ROOT}/../Podfile.lock\" \"${PODS_ROOT}/Manifest.lock\" > /dev/null\nif [[ $? != 0 ]] ; then\n    cat << EOM\nerror: The sandbox is not in sync with the Podfile.lock. Run 'pod install' or update your CocoaPods installation.\nEOM\n    exit 1\nfi\n";
			showEnvVarsInLog = 0;
		};
		BC37B750BF400E77C674E594 /* Copy Pods Resources */ = {
			isa = PBXShellScriptBuildPhase;
			buildActionMask = 2147483647;
			files = (
			);
			inputPaths = (
			);
			name = "Copy Pods Resources";
			outputPaths = (
			);
			runOnlyForDeploymentPostprocessing = 0;
			shellPath = /bin/sh;
			shellScript = "\"${SRCROOT}/Pods/Target Support Files/Pods-VENCoreUnitTests/Pods-VENCoreUnitTests-resources.sh\"\n";
			showEnvVarsInLog = 0;
		};
		FD3E7F7F40084A86A6988781 /* Check Pods Manifest.lock */ = {
			isa = PBXShellScriptBuildPhase;
			buildActionMask = 2147483647;
			files = (
			);
			inputPaths = (
			);
			name = "Check Pods Manifest.lock";
			outputPaths = (
			);
			runOnlyForDeploymentPostprocessing = 0;
			shellPath = /bin/sh;
			shellScript = "diff \"${PODS_ROOT}/../Podfile.lock\" \"${PODS_ROOT}/Manifest.lock\" > /dev/null\nif [[ $? != 0 ]] ; then\n    cat << EOM\nerror: The sandbox is not in sync with the Podfile.lock. Run 'pod install' or update your CocoaPods installation.\nEOM\n    exit 1\nfi\n";
			showEnvVarsInLog = 0;
		};
/* End PBXShellScriptBuildPhase section */

/* Begin PBXSourcesBuildPhase section */
		26B268611B18BBD000D82815 /* Sources */ = {
			isa = PBXSourcesBuildPhase;
			buildActionMask = 2147483647;
			files = (
				26B2688A1B18BEF500D82815 /* VENCreateTransactionRequest.m in Sources */,
				26B268861B18BEF100D82815 /* NSError+VENCore.m in Sources */,
				26B2688C1B18BEF500D82815 /* VENTransaction.m in Sources */,
				26B268801B18BEF100D82815 /* NSString+VENCore.m in Sources */,
				26B268821B18BEF100D82815 /* NSDictionary+VENCore.m in Sources */,
				26B268981B18BEFC00D82815 /* VENCore.m in Sources */,
				26B268961B18BEFC00D82815 /* VENHTTPResponse.m in Sources */,
				26B268881B18BEF100D82815 /* UIDevice+VENCore.m in Sources */,
				26B268941B18BEFC00D82815 /* VENHTTP.m in Sources */,
				26B268841B18BEF100D82815 /* NSArray+VENCore.m in Sources */,
				26B268A91B18C39100D82815 /* VENUser.m in Sources */,
				26B2688E1B18BEF500D82815 /* VENTransactionTarget.m in Sources */,
			);
			runOnlyForDeploymentPostprocessing = 0;
		};
		EB00DB301906E647001836A8 /* Sources */ = {
			isa = PBXSourcesBuildPhase;
			buildActionMask = 2147483647;
			files = (
				EB34AA911907006F00663ECF /* VENTestUtilities.m in Sources */,
				EB6A5ADA1906FC44003C067E /* VENUserIntegrationSpec.m in Sources */,
				EB00DB3F1906E647001836A8 /* PaymentSandboxSpec.m in Sources */,
			);
			runOnlyForDeploymentPostprocessing = 0;
		};
		EBCB248018E9FBAF00807472 /* Sources */ = {
			isa = PBXSourcesBuildPhase;
			buildActionMask = 2147483647;
			files = (
				EBB8E3B318FDA4BB00A22C6B /* VENTransactionTargetSpec.m in Sources */,
				EBBE7E0A18EA020500E47338 /* VENHTTPSpec.m in Sources */,
				4796D62118FC4B6D001461B1 /* VENTransactionSpec.m in Sources */,
				EBCB249418E9FBAF00807472 /* VENCoreSpec.m in Sources */,
				9B2C2D09196EDC3000D1B241 /* NSArray+VENCoreSpec.m in Sources */,
				4796D62318FC4B6D001461B1 /* VENUserSpec.m in Sources */,
				EBBE7E0D18EA022300E47338 /* VENHTTPResponseSpec.m in Sources */,
				EB427E5918F8451B0070EDD9 /* VENTestUtilities.m in Sources */,
				3AE56FF21908A0610054B7EF /* VENCreateTransactionRequestSpec.m in Sources */,
				EBB8E3BE18FDB05400A22C6B /* NSString+VENCoreSpec.m in Sources */,
				EB418B9F18EB0E1B0003CBF5 /* NSDictionary+VENCoreSpec.m in Sources */,
				EB418B9A18EB0DD20003CBF5 /* NSError+VENCoreSpec.m in Sources */,
			);
			runOnlyForDeploymentPostprocessing = 0;
		};
/* End PBXSourcesBuildPhase section */

/* Begin PBXTargetDependency section */
		26B268A11B18BFF100D82815 /* PBXTargetDependency */ = {
			isa = PBXTargetDependency;
			target = 26B268651B18BBD000D82815 /* VENCore */;
			targetProxy = 26B268A01B18BFF100D82815 /* PBXContainerItemProxy */;
		};
		26B268A31B18BFF300D82815 /* PBXTargetDependency */ = {
			isa = PBXTargetDependency;
			target = 26B268651B18BBD000D82815 /* VENCore */;
			targetProxy = 26B268A21B18BFF300D82815 /* PBXContainerItemProxy */;
		};
/* End PBXTargetDependency section */

/* Begin PBXVariantGroup section */
		EB00DB3B1906E647001836A8 /* InfoPlist.strings */ = {
			isa = PBXVariantGroup;
			children = (
				EB00DB3C1906E647001836A8 /* en */,
			);
			name = InfoPlist.strings;
			sourceTree = "<group>";
		};
		EBCB249018E9FBAF00807472 /* InfoPlist.strings */ = {
			isa = PBXVariantGroup;
			children = (
				EBCB249118E9FBAF00807472 /* en */,
			);
			name = InfoPlist.strings;
			sourceTree = "<group>";
		};
/* End PBXVariantGroup section */

/* Begin XCBuildConfiguration section */
		26B2687A1B18BBD100D82815 /* Debug */ = {
			isa = XCBuildConfiguration;
			buildSettings = {
				CLANG_WARN_UNREACHABLE_CODE = YES;
				CURRENT_PROJECT_VERSION = 1;
				DEBUG_INFORMATION_FORMAT = "dwarf-with-dsym";
				DEFINES_MODULE = YES;
				DYLIB_COMPATIBILITY_VERSION = 1;
				DYLIB_CURRENT_VERSION = 1;
				DYLIB_INSTALL_NAME_BASE = "@rpath";
				ENABLE_STRICT_OBJC_MSGSEND = YES;
				FRAMEWORK_SEARCH_PATHS = (
					"$(inherited)",
					"$(PROJECT_DIR)/Carthage/Build/iOS",
				);
				GCC_NO_COMMON_BLOCKS = YES;
				GCC_PREPROCESSOR_DEFINITIONS = (
					"DEBUG=1",
					"$(inherited)",
				);
				INFOPLIST_FILE = VENCore/Info.plist;
				INSTALL_PATH = "$(LOCAL_LIBRARY_DIR)/Frameworks";
				IPHONEOS_DEPLOYMENT_TARGET = 8.3;
				LD_RUNPATH_SEARCH_PATHS = "$(inherited) @executable_path/Frameworks @loader_path/Frameworks";
				MTL_ENABLE_DEBUG_INFO = YES;
				OTHER_LDFLAGS = (
					"-all_load",
					"-ObjC",
				);
				PRODUCT_NAME = "$(TARGET_NAME)";
				SKIP_INSTALL = YES;
				TARGETED_DEVICE_FAMILY = "1,2";
				VERSIONING_SYSTEM = "apple-generic";
				VERSION_INFO_PREFIX = "";
			};
			name = Debug;
		};
		26B2687B1B18BBD100D82815 /* Release */ = {
			isa = XCBuildConfiguration;
			buildSettings = {
				CLANG_WARN_UNREACHABLE_CODE = YES;
				COPY_PHASE_STRIP = NO;
				CURRENT_PROJECT_VERSION = 1;
				DEBUG_INFORMATION_FORMAT = "dwarf-with-dsym";
				DEFINES_MODULE = YES;
				DYLIB_COMPATIBILITY_VERSION = 1;
				DYLIB_CURRENT_VERSION = 1;
				DYLIB_INSTALL_NAME_BASE = "@rpath";
				ENABLE_STRICT_OBJC_MSGSEND = YES;
				FRAMEWORK_SEARCH_PATHS = (
					"$(inherited)",
					"$(PROJECT_DIR)/Carthage/Build/iOS",
				);
				GCC_NO_COMMON_BLOCKS = YES;
				INFOPLIST_FILE = VENCore/Info.plist;
				INSTALL_PATH = "$(LOCAL_LIBRARY_DIR)/Frameworks";
				IPHONEOS_DEPLOYMENT_TARGET = 8.3;
				LD_RUNPATH_SEARCH_PATHS = "$(inherited) @executable_path/Frameworks @loader_path/Frameworks";
				MTL_ENABLE_DEBUG_INFO = NO;
				OTHER_LDFLAGS = (
					"-all_load",
					"-ObjC",
				);
				PRODUCT_NAME = "$(TARGET_NAME)";
				SKIP_INSTALL = YES;
				TARGETED_DEVICE_FAMILY = "1,2";
				VERSIONING_SYSTEM = "apple-generic";
				VERSION_INFO_PREFIX = "";
			};
			name = Release;
		};
		EB00DB431906E647001836A8 /* Debug */ = {
			isa = XCBuildConfiguration;
			baseConfigurationReference = EF643FCE58843C971E188591 /* Pods-VENCoreIntegrationTests.debug.xcconfig */;
			buildSettings = {
				FRAMEWORK_SEARCH_PATHS = (
					"$(SDKROOT)/Developer/Library/Frameworks",
					"$(inherited)",
					"$(DEVELOPER_FRAMEWORKS_DIR)",
					"$(PROJECT_DIR)/Carthage/Build/iOS",
				);
				GCC_PRECOMPILE_PREFIX_HEADER = YES;
				GCC_PREFIX_HEADER = "VENCoreIntegrationTests/VENCoreIntegrationTests-Prefix.pch";
				GCC_PREPROCESSOR_DEFINITIONS = (
					"DEBUG=1",
					"$(inherited)",
				);
				INFOPLIST_FILE = "VENCoreIntegrationTests/VENCoreIntegrationTests-Info.plist";
				IPHONEOS_DEPLOYMENT_TARGET = 8.3;
				PRECOMPS_INCLUDE_HEADERS_FROM_BUILT_PRODUCTS_DIR = YES;
				PRODUCT_NAME = "$(TARGET_NAME)";
				WRAPPER_EXTENSION = xctest;
			};
			name = Debug;
		};
		EB00DB441906E647001836A8 /* Release */ = {
			isa = XCBuildConfiguration;
			baseConfigurationReference = 87B03D9C492190709B42F7BA /* Pods-VENCoreIntegrationTests.release.xcconfig */;
			buildSettings = {
				FRAMEWORK_SEARCH_PATHS = (
					"$(SDKROOT)/Developer/Library/Frameworks",
					"$(inherited)",
					"$(DEVELOPER_FRAMEWORKS_DIR)",
					"$(PROJECT_DIR)/Carthage/Build/iOS",
				);
				GCC_PRECOMPILE_PREFIX_HEADER = YES;
				GCC_PREFIX_HEADER = "VENCoreIntegrationTests/VENCoreIntegrationTests-Prefix.pch";
				INFOPLIST_FILE = "VENCoreIntegrationTests/VENCoreIntegrationTests-Info.plist";
				IPHONEOS_DEPLOYMENT_TARGET = 8.3;
				PRECOMPS_INCLUDE_HEADERS_FROM_BUILT_PRODUCTS_DIR = YES;
				PRODUCT_NAME = "$(TARGET_NAME)";
				WRAPPER_EXTENSION = xctest;
			};
			name = Release;
		};
		EBCB249518E9FBAF00807472 /* Debug */ = {
			isa = XCBuildConfiguration;
			buildSettings = {
				ALWAYS_SEARCH_USER_PATHS = NO;
				CLANG_CXX_LANGUAGE_STANDARD = "gnu++0x";
				CLANG_CXX_LIBRARY = "libc++";
				CLANG_ENABLE_MODULES = YES;
				CLANG_ENABLE_OBJC_ARC = YES;
				CLANG_WARN_BOOL_CONVERSION = YES;
				CLANG_WARN_CONSTANT_CONVERSION = YES;
				CLANG_WARN_DIRECT_OBJC_ISA_USAGE = YES_ERROR;
				CLANG_WARN_EMPTY_BODY = YES;
				CLANG_WARN_ENUM_CONVERSION = YES;
				CLANG_WARN_INT_CONVERSION = YES;
				CLANG_WARN_OBJC_ROOT_CLASS = YES_ERROR;
				CLANG_WARN__DUPLICATE_METHOD_MATCH = YES;
				COPY_PHASE_STRIP = NO;
				GCC_C_LANGUAGE_STANDARD = gnu99;
				GCC_DYNAMIC_NO_PIC = NO;
				GCC_GENERATE_TEST_COVERAGE_FILES = YES;
				GCC_INSTRUMENT_PROGRAM_FLOW_ARCS = YES;
				GCC_OPTIMIZATION_LEVEL = 0;
				GCC_PREPROCESSOR_DEFINITIONS = (
					"DEBUG=1",
					"$(inherited)",
				);
				GCC_SYMBOLS_PRIVATE_EXTERN = NO;
				GCC_WARN_64_TO_32_BIT_CONVERSION = YES;
				GCC_WARN_ABOUT_RETURN_TYPE = YES_ERROR;
				GCC_WARN_UNDECLARED_SELECTOR = YES;
				GCC_WARN_UNINITIALIZED_AUTOS = YES_AGGRESSIVE;
				GCC_WARN_UNUSED_FUNCTION = YES;
				GCC_WARN_UNUSED_VARIABLE = YES;
				HEADER_SEARCH_PATHS = (
					"$(inherited)",
					/Applications/Xcode.app/Contents/Developer/Toolchains/XcodeDefault.xctoolchain/usr/include,
				);
				IPHONEOS_DEPLOYMENT_TARGET = 7.1;
				ONLY_ACTIVE_ARCH = YES;
				SDKROOT = iphoneos;
			};
			name = Debug;
		};
		EBCB249618E9FBAF00807472 /* Release */ = {
			isa = XCBuildConfiguration;
			buildSettings = {
				ALWAYS_SEARCH_USER_PATHS = NO;
				CLANG_CXX_LANGUAGE_STANDARD = "gnu++0x";
				CLANG_CXX_LIBRARY = "libc++";
				CLANG_ENABLE_MODULES = YES;
				CLANG_ENABLE_OBJC_ARC = YES;
				CLANG_WARN_BOOL_CONVERSION = YES;
				CLANG_WARN_CONSTANT_CONVERSION = YES;
				CLANG_WARN_DIRECT_OBJC_ISA_USAGE = YES_ERROR;
				CLANG_WARN_EMPTY_BODY = YES;
				CLANG_WARN_ENUM_CONVERSION = YES;
				CLANG_WARN_INT_CONVERSION = YES;
				CLANG_WARN_OBJC_ROOT_CLASS = YES_ERROR;
				CLANG_WARN__DUPLICATE_METHOD_MATCH = YES;
				COPY_PHASE_STRIP = YES;
				ENABLE_NS_ASSERTIONS = NO;
				GCC_C_LANGUAGE_STANDARD = gnu99;
				GCC_GENERATE_TEST_COVERAGE_FILES = YES;
				GCC_INSTRUMENT_PROGRAM_FLOW_ARCS = YES;
				GCC_WARN_64_TO_32_BIT_CONVERSION = YES;
				GCC_WARN_ABOUT_RETURN_TYPE = YES_ERROR;
				GCC_WARN_UNDECLARED_SELECTOR = YES;
				GCC_WARN_UNINITIALIZED_AUTOS = YES_AGGRESSIVE;
				GCC_WARN_UNUSED_FUNCTION = YES;
				GCC_WARN_UNUSED_VARIABLE = YES;
				HEADER_SEARCH_PATHS = (
					"$(inherited)",
					/Applications/Xcode.app/Contents/Developer/Toolchains/XcodeDefault.xctoolchain/usr/include,
				);
				IPHONEOS_DEPLOYMENT_TARGET = 7.1;
				SDKROOT = iphoneos;
				VALIDATE_PRODUCT = YES;
			};
			name = Release;
		};
		EBCB249B18E9FBAF00807472 /* Debug */ = {
			isa = XCBuildConfiguration;
			baseConfigurationReference = C7E44DFA452C19C728D6C2C4 /* Pods-VENCoreUnitTests.debug.xcconfig */;
			buildSettings = {
				FRAMEWORK_SEARCH_PATHS = (
					"$(SDKROOT)/Developer/Library/Frameworks",
					"$(inherited)",
					"$(DEVELOPER_FRAMEWORKS_DIR)",
					"$(PROJECT_DIR)/Carthage/Build/iOS",
				);
				GCC_PRECOMPILE_PREFIX_HEADER = YES;
				GCC_PREFIX_HEADER = "VENCoreUnitTests/VENCoreUnitTests-Prefix.pch";
				GCC_PREPROCESSOR_DEFINITIONS = (
					"DEBUG=1",
					"$(inherited)",
				);
				INFOPLIST_FILE = "VENCoreUnitTests/VENCoreUnitTests-Info.plist";
				IPHONEOS_DEPLOYMENT_TARGET = 8.3;
				PRODUCT_NAME = "$(TARGET_NAME)";
				WRAPPER_EXTENSION = xctest;
			};
			name = Debug;
		};
		EBCB249C18E9FBAF00807472 /* Release */ = {
			isa = XCBuildConfiguration;
			baseConfigurationReference = 63707C766B9FEEAAACE06408 /* Pods-VENCoreUnitTests.release.xcconfig */;
			buildSettings = {
				FRAMEWORK_SEARCH_PATHS = (
					"$(SDKROOT)/Developer/Library/Frameworks",
					"$(inherited)",
					"$(DEVELOPER_FRAMEWORKS_DIR)",
					"$(PROJECT_DIR)/Carthage/Build/iOS",
				);
				GCC_PRECOMPILE_PREFIX_HEADER = YES;
				GCC_PREFIX_HEADER = "VENCoreUnitTests/VENCoreUnitTests-Prefix.pch";
				INFOPLIST_FILE = "VENCoreUnitTests/VENCoreUnitTests-Info.plist";
				IPHONEOS_DEPLOYMENT_TARGET = 8.3;
				PRODUCT_NAME = "$(TARGET_NAME)";
				WRAPPER_EXTENSION = xctest;
			};
			name = Release;
		};
/* End XCBuildConfiguration section */

/* Begin XCConfigurationList section */
		26B268791B18BBD100D82815 /* Build configuration list for PBXNativeTarget "VENCore" */ = {
			isa = XCConfigurationList;
			buildConfigurations = (
				26B2687A1B18BBD100D82815 /* Debug */,
				26B2687B1B18BBD100D82815 /* Release */,
			);
			defaultConfigurationIsVisible = 0;
			defaultConfigurationName = Release;
		};
		EB00DB451906E647001836A8 /* Build configuration list for PBXNativeTarget "VENCoreIntegrationTests" */ = {
			isa = XCConfigurationList;
			buildConfigurations = (
				EB00DB431906E647001836A8 /* Debug */,
				EB00DB441906E647001836A8 /* Release */,
			);
			defaultConfigurationIsVisible = 0;
			defaultConfigurationName = Release;
		};
		EBCB246F18E9FBAF00807472 /* Build configuration list for PBXProject "VENCore" */ = {
			isa = XCConfigurationList;
			buildConfigurations = (
				EBCB249518E9FBAF00807472 /* Debug */,
				EBCB249618E9FBAF00807472 /* Release */,
			);
			defaultConfigurationIsVisible = 0;
			defaultConfigurationName = Release;
		};
		EBCB249A18E9FBAF00807472 /* Build configuration list for PBXNativeTarget "VENCoreUnitTests" */ = {
			isa = XCConfigurationList;
			buildConfigurations = (
				EBCB249B18E9FBAF00807472 /* Debug */,
				EBCB249C18E9FBAF00807472 /* Release */,
			);
			defaultConfigurationIsVisible = 0;
			defaultConfigurationName = Release;
		};
/* End XCConfigurationList section */
	};
	rootObject = EBCB246C18E9FBAF00807472 /* Project object */;
}
